
Microsoft Visual Studio Solution File, Format Version 10.00
# Visual Studio 2008
Project("{FAE04EC0-301F-11D3-BF4B-00C04F79EFBC}") = "CPTrieTests", "CPTrieTests.csproj", "{F36F91A9-8D61-4C41-BE54-83A38D271D0A}"
EndProject
Global
	GlobalSection(SolutionConfigurationPlatforms) = preSolution
		Debug|Any CPU = Debug|Any CPU
		Release|Any CPU = Release|Any CPU
	EndGlobalSection
	GlobalSection(ProjectConfigurationPlatforms) = postSolution
		{F36F91A9-8D61-4C41-BE54-83A38D271D0A}.Debug|Any CPU.ActiveCfg = Debug|Any CPU
		{F36F91A9-8D61-4C41-BE54-83A38D271D0A}.Debug|Any CPU.Build.0 = Debug|Any CPU
		{F36F91A9-8D61-4C41-BE54-83A38D271D0A}.Release|Any CPU.ActiveCfg = Release|Any CPU
		{F36F91A9-8D61-4C41-BE54-83A38D271D0A}.Release|Any CPU.Build.0 = Release|Any CPU
	EndGlobalSection
	GlobalSection(SolutionProperties) = preSolution
		HideSolutionNode = FALSE
	EndGlobalSection
EndGlobal
