
Microsoft Visual Studio Solution File, Format Version 12.00
# Visual Studio 15
VisualStudioVersion = 15.0.27703.2026
MinimumVisualStudioVersion = 10.0.40219.1
Project("{FAE04EC0-301F-11D3-BF4B-00C04F79EFBC}") = "LoycCore.Tests", "Core\Tests\LoycCore.Tests.csproj", "{CAF59F03-A21D-4F84-A3B5-1A58977AD32F}"
EndProject
Project("{FAE04EC0-301F-11D3-BF4B-00C04F79EFBC}") = "Loyc.Essentials", "Core\Loyc.Essentials\Loyc.Essentials.csproj", "{DF642FB7-25EB-424D-8E92-6C046F42D4A9}"
EndProject
Project("{FAE04EC0-301F-11D3-BF4B-00C04F79EFBC}") = "MiniTestRunner", "Core\MiniTestRunner\MiniTestRunner.csproj", "{3C58D462-4B0D-49E3-A851-195EE3AD05B0}"
EndProject
Project("{FAE04EC0-301F-11D3-BF4B-00C04F79EFBC}") = "Loyc.Ecs", "Main\Ecs\Loyc.Ecs.csproj", "{E49944DB-0330-45C6-9EC5-BDBE1102AE07}"
EndProject
Project("{FAE04EC0-301F-11D3-BF4B-00C04F79EFBC}") = "Loyc.Syntax", "Core\Loyc.Syntax\Loyc.Syntax.csproj", "{55EF5FD4-A4EB-46D2-92CA-B3FA317F4C38}"
EndProject
Project("{FAE04EC0-301F-11D3-BF4B-00C04F79EFBC}") = "Loyc.Utilities", "Core\Loyc.Utilities\Loyc.Utilities.csproj", "{94BC16E0-2F14-4747-82F8-CFA22AD558CA}"
EndProject
Project("{FAE04EC0-301F-11D3-BF4B-00C04F79EFBC}") = "LLLPG", "Main\LLLPG\LLLPG.csproj", "{0E50272F-4FDB-4FDA-858A-AE46D1B66E1A}"
EndProject
Project("{FAE04EC0-301F-11D3-BF4B-00C04F79EFBC}") = "Loyc.Collections", "Core\Loyc.Collections\Loyc.Collections.csproj", "{7AEEAE63-A63B-4B28-8DB8-0B06B00D1E6A}"
EndProject
Project("{FAE04EC0-301F-11D3-BF4B-00C04F79EFBC}") = "Baadia", "Baadia\Baadia.csproj", "{A222E8AD-0CA1-40D2-BAB9-6F710E2215D1}"
EndProject
Project("{FAE04EC0-301F-11D3-BF4B-00C04F79EFBC}") = "LeMP", "Main\LeMP\LeMP.csproj", "{E960917A-F32C-469F-91DA-0B75342FA5BC}"
EndProject
Project("{FAE04EC0-301F-11D3-BF4B-00C04F79EFBC}") = "LoycCore.Benchmarks", "Core\LoycCore.Benchmarks\LoycCore.Benchmarks.csproj", "{26B7F676-7D66-496A-8F11-DA4B34B3AB8C}"
EndProject
Project("{FAE04EC0-301F-11D3-BF4B-00C04F79EFBC}") = "Tests", "Main\Tests\Tests.csproj", "{D418CCF8-0888-4648-A865-702A21273028}"
EndProject
Project("{2150E333-8FDC-42A3-9474-1A3956D46DE8}") = "Core", "Core", "{30F2D32F-68A5-458D-8076-B669CAED2C52}"
EndProject
Project("{FAE04EC0-301F-11D3-BF4B-00C04F79EFBC}") = "LeMP.StdMacros", "Main\LeMP.StdMacros\LeMP.StdMacros.csproj", "{7D8B626C-F7FA-44E1-9A25-E00C81AF0364}"
EndProject
Project("{FAE04EC0-301F-11D3-BF4B-00C04F79EFBC}") = "Loyc.Math", "Core\Loyc.Math\Loyc.Math.csproj", "{7493A75D-106A-4A50-9DCF-A7A034629FFF}"
EndProject
Global
	GlobalSection(SolutionConfigurationPlatforms) = preSolution
		Debug.NET35|Any CPU = Debug.NET35|Any CPU
		Debug.NET4|Any CPU = Debug.NET4|Any CPU
		Debug.NET45|Any CPU = Debug.NET45|Any CPU
		Debug|Any CPU = Debug|Any CPU
		Release.NET35|Any CPU = Release.NET35|Any CPU
		Release.NET4|Any CPU = Release.NET4|Any CPU
		Release.NET45|Any CPU = Release.NET45|Any CPU
		Release|Any CPU = Release|Any CPU
	EndGlobalSection
	GlobalSection(ProjectConfigurationPlatforms) = postSolution
		{CAF59F03-A21D-4F84-A3B5-1A58977AD32F}.Debug.NET35|Any CPU.ActiveCfg = Debug.Net35|Any CPU
		{CAF59F03-A21D-4F84-A3B5-1A58977AD32F}.Debug.NET35|Any CPU.Build.0 = Debug.Net35|Any CPU
		{CAF59F03-A21D-4F84-A3B5-1A58977AD32F}.Debug.NET4|Any CPU.ActiveCfg = Debug.NET4|Any CPU
		{CAF59F03-A21D-4F84-A3B5-1A58977AD32F}.Debug.NET4|Any CPU.Build.0 = Debug.NET4|Any CPU
		{CAF59F03-A21D-4F84-A3B5-1A58977AD32F}.Debug.NET45|Any CPU.ActiveCfg = Debug.NET45|Any CPU
		{CAF59F03-A21D-4F84-A3B5-1A58977AD32F}.Debug.NET45|Any CPU.Build.0 = Debug.NET45|Any CPU
		{CAF59F03-A21D-4F84-A3B5-1A58977AD32F}.Debug|Any CPU.ActiveCfg = Debug.NET45|Any CPU
		{CAF59F03-A21D-4F84-A3B5-1A58977AD32F}.Debug|Any CPU.Build.0 = Debug.NET45|Any CPU
		{CAF59F03-A21D-4F84-A3B5-1A58977AD32F}.Release.NET35|Any CPU.ActiveCfg = Release.Net35|Any CPU
		{CAF59F03-A21D-4F84-A3B5-1A58977AD32F}.Release.NET35|Any CPU.Build.0 = Release.Net35|Any CPU
		{CAF59F03-A21D-4F84-A3B5-1A58977AD32F}.Release.NET4|Any CPU.ActiveCfg = Release.NET4|Any CPU
		{CAF59F03-A21D-4F84-A3B5-1A58977AD32F}.Release.NET4|Any CPU.Build.0 = Release.NET4|Any CPU
		{CAF59F03-A21D-4F84-A3B5-1A58977AD32F}.Release.NET45|Any CPU.ActiveCfg = Release.NET45|Any CPU
		{CAF59F03-A21D-4F84-A3B5-1A58977AD32F}.Release.NET45|Any CPU.Build.0 = Release.NET45|Any CPU
		{CAF59F03-A21D-4F84-A3B5-1A58977AD32F}.Release|Any CPU.ActiveCfg = Release.NET45|Any CPU
		{CAF59F03-A21D-4F84-A3B5-1A58977AD32F}.Release|Any CPU.Build.0 = Release.NET45|Any CPU
		{DF642FB7-25EB-424D-8E92-6C046F42D4A9}.Debug.NET35|Any CPU.ActiveCfg = Debug.Net35|Any CPU
		{DF642FB7-25EB-424D-8E92-6C046F42D4A9}.Debug.NET35|Any CPU.Build.0 = Debug.Net35|Any CPU
		{DF642FB7-25EB-424D-8E92-6C046F42D4A9}.Debug.NET4|Any CPU.ActiveCfg = Debug.NET4|Any CPU
		{DF642FB7-25EB-424D-8E92-6C046F42D4A9}.Debug.NET4|Any CPU.Build.0 = Debug.NET4|Any CPU
		{DF642FB7-25EB-424D-8E92-6C046F42D4A9}.Debug.NET45|Any CPU.ActiveCfg = Debug.NET45|Any CPU
		{DF642FB7-25EB-424D-8E92-6C046F42D4A9}.Debug.NET45|Any CPU.Build.0 = Debug.NET45|Any CPU
		{DF642FB7-25EB-424D-8E92-6C046F42D4A9}.Debug|Any CPU.ActiveCfg = Debug.NET45|Any CPU
		{DF642FB7-25EB-424D-8E92-6C046F42D4A9}.Debug|Any CPU.Build.0 = Debug.NET45|Any CPU
		{DF642FB7-25EB-424D-8E92-6C046F42D4A9}.Release.NET35|Any CPU.ActiveCfg = Release.Net35|Any CPU
		{DF642FB7-25EB-424D-8E92-6C046F42D4A9}.Release.NET35|Any CPU.Build.0 = Release.Net35|Any CPU
		{DF642FB7-25EB-424D-8E92-6C046F42D4A9}.Release.NET4|Any CPU.ActiveCfg = Release.NET4|Any CPU
		{DF642FB7-25EB-424D-8E92-6C046F42D4A9}.Release.NET4|Any CPU.Build.0 = Release.NET4|Any CPU
		{DF642FB7-25EB-424D-8E92-6C046F42D4A9}.Release.NET45|Any CPU.ActiveCfg = Release.NET45|Any CPU
		{DF642FB7-25EB-424D-8E92-6C046F42D4A9}.Release.NET45|Any CPU.Build.0 = Release.NET45|Any CPU
		{DF642FB7-25EB-424D-8E92-6C046F42D4A9}.Release|Any CPU.ActiveCfg = Release.NET45|Any CPU
		{DF642FB7-25EB-424D-8E92-6C046F42D4A9}.Release|Any CPU.Build.0 = Release.NET45|Any CPU
		{3C58D462-4B0D-49E3-A851-195EE3AD05B0}.Debug.NET35|Any CPU.ActiveCfg = Debug.Net35|Any CPU
		{3C58D462-4B0D-49E3-A851-195EE3AD05B0}.Debug.NET35|Any CPU.Build.0 = Debug.Net35|Any CPU
		{3C58D462-4B0D-49E3-A851-195EE3AD05B0}.Debug.NET4|Any CPU.ActiveCfg = Debug.NET4|Any CPU
		{3C58D462-4B0D-49E3-A851-195EE3AD05B0}.Debug.NET4|Any CPU.Build.0 = Debug.NET4|Any CPU
		{3C58D462-4B0D-49E3-A851-195EE3AD05B0}.Debug.NET45|Any CPU.ActiveCfg = Debug.NET45|Any CPU
		{3C58D462-4B0D-49E3-A851-195EE3AD05B0}.Debug.NET45|Any CPU.Build.0 = Debug.NET45|Any CPU
		{3C58D462-4B0D-49E3-A851-195EE3AD05B0}.Debug|Any CPU.ActiveCfg = Debug.NET45|Any CPU
		{3C58D462-4B0D-49E3-A851-195EE3AD05B0}.Debug|Any CPU.Build.0 = Debug.NET45|Any CPU
		{3C58D462-4B0D-49E3-A851-195EE3AD05B0}.Release.NET35|Any CPU.ActiveCfg = Release.Net35|Any CPU
		{3C58D462-4B0D-49E3-A851-195EE3AD05B0}.Release.NET35|Any CPU.Build.0 = Release.Net35|Any CPU
		{3C58D462-4B0D-49E3-A851-195EE3AD05B0}.Release.NET4|Any CPU.ActiveCfg = Release.NET4|Any CPU
		{3C58D462-4B0D-49E3-A851-195EE3AD05B0}.Release.NET4|Any CPU.Build.0 = Release.NET4|Any CPU
		{3C58D462-4B0D-49E3-A851-195EE3AD05B0}.Release.NET45|Any CPU.ActiveCfg = Release.NET45|Any CPU
		{3C58D462-4B0D-49E3-A851-195EE3AD05B0}.Release.NET45|Any CPU.Build.0 = Release.NET45|Any CPU
		{3C58D462-4B0D-49E3-A851-195EE3AD05B0}.Release|Any CPU.ActiveCfg = Release.NET45|Any CPU
		{3C58D462-4B0D-49E3-A851-195EE3AD05B0}.Release|Any CPU.Build.0 = Release.NET45|Any CPU
		{E49944DB-0330-45C6-9EC5-BDBE1102AE07}.Debug.NET35|Any CPU.ActiveCfg = Debug.NET35|Any CPU
		{E49944DB-0330-45C6-9EC5-BDBE1102AE07}.Debug.NET35|Any CPU.Build.0 = Debug.NET35|Any CPU
		{E49944DB-0330-45C6-9EC5-BDBE1102AE07}.Debug.NET4|Any CPU.ActiveCfg = Debug.NET4|Any CPU
		{E49944DB-0330-45C6-9EC5-BDBE1102AE07}.Debug.NET4|Any CPU.Build.0 = Debug.NET4|Any CPU
		{E49944DB-0330-45C6-9EC5-BDBE1102AE07}.Debug.NET45|Any CPU.ActiveCfg = Debug.NET45|Any CPU
		{E49944DB-0330-45C6-9EC5-BDBE1102AE07}.Debug.NET45|Any CPU.Build.0 = Debug.NET45|Any CPU
		{E49944DB-0330-45C6-9EC5-BDBE1102AE07}.Debug|Any CPU.ActiveCfg = Debug.NET45|Any CPU
		{E49944DB-0330-45C6-9EC5-BDBE1102AE07}.Debug|Any CPU.Build.0 = Debug.NET45|Any CPU
		{E49944DB-0330-45C6-9EC5-BDBE1102AE07}.Release.NET35|Any CPU.ActiveCfg = Release.NET35|Any CPU
		{E49944DB-0330-45C6-9EC5-BDBE1102AE07}.Release.NET35|Any CPU.Build.0 = Release.NET35|Any CPU
		{E49944DB-0330-45C6-9EC5-BDBE1102AE07}.Release.NET4|Any CPU.ActiveCfg = Release.NET4|Any CPU
		{E49944DB-0330-45C6-9EC5-BDBE1102AE07}.Release.NET4|Any CPU.Build.0 = Release.NET4|Any CPU
		{E49944DB-0330-45C6-9EC5-BDBE1102AE07}.Release.NET45|Any CPU.ActiveCfg = Release.NET45|Any CPU
		{E49944DB-0330-45C6-9EC5-BDBE1102AE07}.Release.NET45|Any CPU.Build.0 = Release.NET45|Any CPU
		{E49944DB-0330-45C6-9EC5-BDBE1102AE07}.Release|Any CPU.ActiveCfg = Release.NET45|Any CPU
		{E49944DB-0330-45C6-9EC5-BDBE1102AE07}.Release|Any CPU.Build.0 = Release.NET45|Any CPU
		{55EF5FD4-A4EB-46D2-92CA-B3FA317F4C38}.Debug.NET35|Any CPU.ActiveCfg = Debug.Net35|Any CPU
		{55EF5FD4-A4EB-46D2-92CA-B3FA317F4C38}.Debug.NET35|Any CPU.Build.0 = Debug.Net35|Any CPU
		{55EF5FD4-A4EB-46D2-92CA-B3FA317F4C38}.Debug.NET4|Any CPU.ActiveCfg = Debug.NET4|Any CPU
		{55EF5FD4-A4EB-46D2-92CA-B3FA317F4C38}.Debug.NET4|Any CPU.Build.0 = Debug.NET4|Any CPU
		{55EF5FD4-A4EB-46D2-92CA-B3FA317F4C38}.Debug.NET45|Any CPU.ActiveCfg = Debug.NET45|Any CPU
		{55EF5FD4-A4EB-46D2-92CA-B3FA317F4C38}.Debug.NET45|Any CPU.Build.0 = Debug.NET45|Any CPU
		{55EF5FD4-A4EB-46D2-92CA-B3FA317F4C38}.Debug|Any CPU.ActiveCfg = Debug.NET45|Any CPU
		{55EF5FD4-A4EB-46D2-92CA-B3FA317F4C38}.Debug|Any CPU.Build.0 = Debug.NET45|Any CPU
		{55EF5FD4-A4EB-46D2-92CA-B3FA317F4C38}.Release.NET35|Any CPU.ActiveCfg = Release.Net35|Any CPU
		{55EF5FD4-A4EB-46D2-92CA-B3FA317F4C38}.Release.NET35|Any CPU.Build.0 = Release.Net35|Any CPU
		{55EF5FD4-A4EB-46D2-92CA-B3FA317F4C38}.Release.NET4|Any CPU.ActiveCfg = Release.NET4|Any CPU
		{55EF5FD4-A4EB-46D2-92CA-B3FA317F4C38}.Release.NET4|Any CPU.Build.0 = Release.NET4|Any CPU
		{55EF5FD4-A4EB-46D2-92CA-B3FA317F4C38}.Release.NET45|Any CPU.ActiveCfg = Release.NET45|Any CPU
		{55EF5FD4-A4EB-46D2-92CA-B3FA317F4C38}.Release.NET45|Any CPU.Build.0 = Release.NET45|Any CPU
		{55EF5FD4-A4EB-46D2-92CA-B3FA317F4C38}.Release|Any CPU.ActiveCfg = Release.NET45|Any CPU
		{55EF5FD4-A4EB-46D2-92CA-B3FA317F4C38}.Release|Any CPU.Build.0 = Release.NET45|Any CPU
		{94BC16E0-2F14-4747-82F8-CFA22AD558CA}.Debug.NET35|Any CPU.ActiveCfg = Debug.Net35|Any CPU
		{94BC16E0-2F14-4747-82F8-CFA22AD558CA}.Debug.NET35|Any CPU.Build.0 = Debug.Net35|Any CPU
		{94BC16E0-2F14-4747-82F8-CFA22AD558CA}.Debug.NET4|Any CPU.ActiveCfg = Debug.NET4|Any CPU
		{94BC16E0-2F14-4747-82F8-CFA22AD558CA}.Debug.NET4|Any CPU.Build.0 = Debug.NET4|Any CPU
		{94BC16E0-2F14-4747-82F8-CFA22AD558CA}.Debug.NET45|Any CPU.ActiveCfg = Debug.NET45|Any CPU
		{94BC16E0-2F14-4747-82F8-CFA22AD558CA}.Debug.NET45|Any CPU.Build.0 = Debug.NET45|Any CPU
		{94BC16E0-2F14-4747-82F8-CFA22AD558CA}.Debug|Any CPU.ActiveCfg = Debug.NET45|Any CPU
		{94BC16E0-2F14-4747-82F8-CFA22AD558CA}.Debug|Any CPU.Build.0 = Debug.NET45|Any CPU
		{94BC16E0-2F14-4747-82F8-CFA22AD558CA}.Release.NET35|Any CPU.ActiveCfg = Release.Net35|Any CPU
		{94BC16E0-2F14-4747-82F8-CFA22AD558CA}.Release.NET35|Any CPU.Build.0 = Release.Net35|Any CPU
		{94BC16E0-2F14-4747-82F8-CFA22AD558CA}.Release.NET4|Any CPU.ActiveCfg = Release.NET4|Any CPU
		{94BC16E0-2F14-4747-82F8-CFA22AD558CA}.Release.NET4|Any CPU.Build.0 = Release.NET4|Any CPU
		{94BC16E0-2F14-4747-82F8-CFA22AD558CA}.Release.NET45|Any CPU.ActiveCfg = Release.NET45|Any CPU
		{94BC16E0-2F14-4747-82F8-CFA22AD558CA}.Release.NET45|Any CPU.Build.0 = Release.NET45|Any CPU
		{94BC16E0-2F14-4747-82F8-CFA22AD558CA}.Release|Any CPU.ActiveCfg = Release.NET45|Any CPU
		{94BC16E0-2F14-4747-82F8-CFA22AD558CA}.Release|Any CPU.Build.0 = Release.NET45|Any CPU
		{0E50272F-4FDB-4FDA-858A-AE46D1B66E1A}.Debug.NET35|Any CPU.ActiveCfg = Debug.Net35|Any CPU
		{0E50272F-4FDB-4FDA-858A-AE46D1B66E1A}.Debug.NET35|Any CPU.Build.0 = Debug.Net35|Any CPU
		{0E50272F-4FDB-4FDA-858A-AE46D1B66E1A}.Debug.NET4|Any CPU.ActiveCfg = Debug.NET4|Any CPU
		{0E50272F-4FDB-4FDA-858A-AE46D1B66E1A}.Debug.NET4|Any CPU.Build.0 = Debug.NET4|Any CPU
		{0E50272F-4FDB-4FDA-858A-AE46D1B66E1A}.Debug.NET45|Any CPU.ActiveCfg = Debug.NET45|Any CPU
		{0E50272F-4FDB-4FDA-858A-AE46D1B66E1A}.Debug.NET45|Any CPU.Build.0 = Debug.NET45|Any CPU
		{0E50272F-4FDB-4FDA-858A-AE46D1B66E1A}.Debug|Any CPU.ActiveCfg = Debug.NET45|Any CPU
		{0E50272F-4FDB-4FDA-858A-AE46D1B66E1A}.Debug|Any CPU.Build.0 = Debug.NET45|Any CPU
		{0E50272F-4FDB-4FDA-858A-AE46D1B66E1A}.Release.NET35|Any CPU.ActiveCfg = Release.Net35|Any CPU
		{0E50272F-4FDB-4FDA-858A-AE46D1B66E1A}.Release.NET35|Any CPU.Build.0 = Release.Net35|Any CPU
		{0E50272F-4FDB-4FDA-858A-AE46D1B66E1A}.Release.NET4|Any CPU.ActiveCfg = Release.NET4|Any CPU
		{0E50272F-4FDB-4FDA-858A-AE46D1B66E1A}.Release.NET4|Any CPU.Build.0 = Release.NET4|Any CPU
		{0E50272F-4FDB-4FDA-858A-AE46D1B66E1A}.Release.NET45|Any CPU.ActiveCfg = Release.NET45|Any CPU
		{0E50272F-4FDB-4FDA-858A-AE46D1B66E1A}.Release.NET45|Any CPU.Build.0 = Release.NET45|Any CPU
		{0E50272F-4FDB-4FDA-858A-AE46D1B66E1A}.Release|Any CPU.ActiveCfg = Release.NET45|Any CPU
		{0E50272F-4FDB-4FDA-858A-AE46D1B66E1A}.Release|Any CPU.Build.0 = Release.NET45|Any CPU
		{7AEEAE63-A63B-4B28-8DB8-0B06B00D1E6A}.Debug.NET35|Any CPU.ActiveCfg = Debug.Net35|Any CPU
		{7AEEAE63-A63B-4B28-8DB8-0B06B00D1E6A}.Debug.NET35|Any CPU.Build.0 = Debug.Net35|Any CPU
		{7AEEAE63-A63B-4B28-8DB8-0B06B00D1E6A}.Debug.NET4|Any CPU.ActiveCfg = Debug.NET4|Any CPU
		{7AEEAE63-A63B-4B28-8DB8-0B06B00D1E6A}.Debug.NET4|Any CPU.Build.0 = Debug.NET4|Any CPU
		{7AEEAE63-A63B-4B28-8DB8-0B06B00D1E6A}.Debug.NET45|Any CPU.ActiveCfg = Debug.NET45|Any CPU
		{7AEEAE63-A63B-4B28-8DB8-0B06B00D1E6A}.Debug.NET45|Any CPU.Build.0 = Debug.NET45|Any CPU
		{7AEEAE63-A63B-4B28-8DB8-0B06B00D1E6A}.Debug|Any CPU.ActiveCfg = Debug.NET45|Any CPU
		{7AEEAE63-A63B-4B28-8DB8-0B06B00D1E6A}.Debug|Any CPU.Build.0 = Debug.NET45|Any CPU
		{7AEEAE63-A63B-4B28-8DB8-0B06B00D1E6A}.Release.NET35|Any CPU.ActiveCfg = Release.Net35|Any CPU
		{7AEEAE63-A63B-4B28-8DB8-0B06B00D1E6A}.Release.NET35|Any CPU.Build.0 = Release.Net35|Any CPU
		{7AEEAE63-A63B-4B28-8DB8-0B06B00D1E6A}.Release.NET4|Any CPU.ActiveCfg = Release.NET4|Any CPU
		{7AEEAE63-A63B-4B28-8DB8-0B06B00D1E6A}.Release.NET4|Any CPU.Build.0 = Release.NET4|Any CPU
		{7AEEAE63-A63B-4B28-8DB8-0B06B00D1E6A}.Release.NET45|Any CPU.ActiveCfg = Release.NET45|Any CPU
		{7AEEAE63-A63B-4B28-8DB8-0B06B00D1E6A}.Release.NET45|Any CPU.Build.0 = Release.NET45|Any CPU
		{7AEEAE63-A63B-4B28-8DB8-0B06B00D1E6A}.Release|Any CPU.ActiveCfg = Release.NET45|Any CPU
		{7AEEAE63-A63B-4B28-8DB8-0B06B00D1E6A}.Release|Any CPU.Build.0 = Release.NET45|Any CPU
		{A222E8AD-0CA1-40D2-BAB9-6F710E2215D1}.Debug.NET35|Any CPU.ActiveCfg = Debug.NET4|Any CPU
		{A222E8AD-0CA1-40D2-BAB9-6F710E2215D1}.Debug.NET4|Any CPU.ActiveCfg = Debug.NET4|Any CPU
		{A222E8AD-0CA1-40D2-BAB9-6F710E2215D1}.Debug.NET4|Any CPU.Build.0 = Debug.NET4|Any CPU
		{A222E8AD-0CA1-40D2-BAB9-6F710E2215D1}.Debug.NET45|Any CPU.ActiveCfg = Debug.NET45|Any CPU
		{A222E8AD-0CA1-40D2-BAB9-6F710E2215D1}.Debug.NET45|Any CPU.Build.0 = Debug.NET45|Any CPU
		{A222E8AD-0CA1-40D2-BAB9-6F710E2215D1}.Debug|Any CPU.ActiveCfg = Debug.NET45|Any CPU
		{A222E8AD-0CA1-40D2-BAB9-6F710E2215D1}.Debug|Any CPU.Build.0 = Debug.NET45|Any CPU
		{A222E8AD-0CA1-40D2-BAB9-6F710E2215D1}.Release.NET35|Any CPU.ActiveCfg = Release.NET4|Any CPU
		{A222E8AD-0CA1-40D2-BAB9-6F710E2215D1}.Release.NET4|Any CPU.ActiveCfg = Release.NET4|Any CPU
		{A222E8AD-0CA1-40D2-BAB9-6F710E2215D1}.Release.NET4|Any CPU.Build.0 = Release.NET4|Any CPU
		{A222E8AD-0CA1-40D2-BAB9-6F710E2215D1}.Release.NET45|Any CPU.ActiveCfg = Release.NET45|Any CPU
		{A222E8AD-0CA1-40D2-BAB9-6F710E2215D1}.Release.NET45|Any CPU.Build.0 = Release.NET45|Any CPU
		{A222E8AD-0CA1-40D2-BAB9-6F710E2215D1}.Release|Any CPU.ActiveCfg = Release.NET45|Any CPU
		{A222E8AD-0CA1-40D2-BAB9-6F710E2215D1}.Release|Any CPU.Build.0 = Release.NET45|Any CPU
		{E960917A-F32C-469F-91DA-0B75342FA5BC}.Debug.NET35|Any CPU.ActiveCfg = Debug.Net35|Any CPU
		{E960917A-F32C-469F-91DA-0B75342FA5BC}.Debug.NET35|Any CPU.Build.0 = Debug.Net35|Any CPU
		{E960917A-F32C-469F-91DA-0B75342FA5BC}.Debug.NET4|Any CPU.ActiveCfg = Debug.NET4|Any CPU
		{E960917A-F32C-469F-91DA-0B75342FA5BC}.Debug.NET4|Any CPU.Build.0 = Debug.NET4|Any CPU
		{E960917A-F32C-469F-91DA-0B75342FA5BC}.Debug.NET45|Any CPU.ActiveCfg = Debug.NET45|Any CPU
		{E960917A-F32C-469F-91DA-0B75342FA5BC}.Debug.NET45|Any CPU.Build.0 = Debug.NET45|Any CPU
		{E960917A-F32C-469F-91DA-0B75342FA5BC}.Debug|Any CPU.ActiveCfg = Debug.NET45|Any CPU
		{E960917A-F32C-469F-91DA-0B75342FA5BC}.Debug|Any CPU.Build.0 = Debug.NET45|Any CPU
		{E960917A-F32C-469F-91DA-0B75342FA5BC}.Release.NET35|Any CPU.ActiveCfg = Release.Net35|Any CPU
		{E960917A-F32C-469F-91DA-0B75342FA5BC}.Release.NET35|Any CPU.Build.0 = Release.Net35|Any CPU
		{E960917A-F32C-469F-91DA-0B75342FA5BC}.Release.NET4|Any CPU.ActiveCfg = Release.NET4|Any CPU
		{E960917A-F32C-469F-91DA-0B75342FA5BC}.Release.NET4|Any CPU.Build.0 = Release.NET4|Any CPU
		{E960917A-F32C-469F-91DA-0B75342FA5BC}.Release.NET45|Any CPU.ActiveCfg = Release.NET45|Any CPU
		{E960917A-F32C-469F-91DA-0B75342FA5BC}.Release.NET45|Any CPU.Build.0 = Release.NET45|Any CPU
		{E960917A-F32C-469F-91DA-0B75342FA5BC}.Release|Any CPU.ActiveCfg = Release.NET45|Any CPU
		{E960917A-F32C-469F-91DA-0B75342FA5BC}.Release|Any CPU.Build.0 = Release.NET45|Any CPU
		{26B7F676-7D66-496A-8F11-DA4B34B3AB8C}.Debug.NET35|Any CPU.ActiveCfg = Debug.NET4|Any CPU
		{26B7F676-7D66-496A-8F11-DA4B34B3AB8C}.Debug.NET4|Any CPU.ActiveCfg = Debug.NET4|Any CPU
		{26B7F676-7D66-496A-8F11-DA4B34B3AB8C}.Debug.NET4|Any CPU.Build.0 = Debug.NET4|Any CPU
		{26B7F676-7D66-496A-8F11-DA4B34B3AB8C}.Debug.NET45|Any CPU.ActiveCfg = Debug.NET45|Any CPU
		{26B7F676-7D66-496A-8F11-DA4B34B3AB8C}.Debug.NET45|Any CPU.Build.0 = Debug.NET45|Any CPU
		{26B7F676-7D66-496A-8F11-DA4B34B3AB8C}.Debug|Any CPU.ActiveCfg = Debug.NET45|Any CPU
		{26B7F676-7D66-496A-8F11-DA4B34B3AB8C}.Debug|Any CPU.Build.0 = Debug.NET45|Any CPU
		{26B7F676-7D66-496A-8F11-DA4B34B3AB8C}.Release.NET35|Any CPU.ActiveCfg = Release.NET45|Any CPU
		{26B7F676-7D66-496A-8F11-DA4B34B3AB8C}.Release.NET4|Any CPU.ActiveCfg = Release.NET4|Any CPU
		{26B7F676-7D66-496A-8F11-DA4B34B3AB8C}.Release.NET4|Any CPU.Build.0 = Release.NET4|Any CPU
		{26B7F676-7D66-496A-8F11-DA4B34B3AB8C}.Release.NET45|Any CPU.ActiveCfg = Release.NET45|Any CPU
		{26B7F676-7D66-496A-8F11-DA4B34B3AB8C}.Release.NET45|Any CPU.Build.0 = Release.NET45|Any CPU
		{26B7F676-7D66-496A-8F11-DA4B34B3AB8C}.Release|Any CPU.ActiveCfg = Release.NET45|Any CPU
		{26B7F676-7D66-496A-8F11-DA4B34B3AB8C}.Release|Any CPU.Build.0 = Release.NET45|Any CPU
		{D418CCF8-0888-4648-A865-702A21273028}.Debug.NET35|Any CPU.ActiveCfg = Debug.NET35|Any CPU
		{D418CCF8-0888-4648-A865-702A21273028}.Debug.NET35|Any CPU.Build.0 = Debug.NET35|Any CPU
		{D418CCF8-0888-4648-A865-702A21273028}.Debug.NET4|Any CPU.ActiveCfg = Debug.NET4|Any CPU
		{D418CCF8-0888-4648-A865-702A21273028}.Debug.NET4|Any CPU.Build.0 = Debug.NET4|Any CPU
		{D418CCF8-0888-4648-A865-702A21273028}.Debug.NET45|Any CPU.ActiveCfg = Debug.NET45|Any CPU
		{D418CCF8-0888-4648-A865-702A21273028}.Debug.NET45|Any CPU.Build.0 = Debug.NET45|Any CPU
		{D418CCF8-0888-4648-A865-702A21273028}.Debug|Any CPU.ActiveCfg = Debug.NET45|Any CPU
		{D418CCF8-0888-4648-A865-702A21273028}.Debug|Any CPU.Build.0 = Debug.NET45|Any CPU
		{D418CCF8-0888-4648-A865-702A21273028}.Release.NET35|Any CPU.ActiveCfg = Release.NET35|Any CPU
		{D418CCF8-0888-4648-A865-702A21273028}.Release.NET35|Any CPU.Build.0 = Release.NET35|Any CPU
		{D418CCF8-0888-4648-A865-702A21273028}.Release.NET4|Any CPU.ActiveCfg = Release.NET4|Any CPU
		{D418CCF8-0888-4648-A865-702A21273028}.Release.NET4|Any CPU.Build.0 = Release.NET4|Any CPU
		{D418CCF8-0888-4648-A865-702A21273028}.Release.NET45|Any CPU.ActiveCfg = Release.NET45|Any CPU
		{D418CCF8-0888-4648-A865-702A21273028}.Release.NET45|Any CPU.Build.0 = Release.NET45|Any CPU
		{D418CCF8-0888-4648-A865-702A21273028}.Release|Any CPU.ActiveCfg = Release.NET45|Any CPU
		{D418CCF8-0888-4648-A865-702A21273028}.Release|Any CPU.Build.0 = Release.NET45|Any CPU
		{7D8B626C-F7FA-44E1-9A25-E00C81AF0364}.Debug.NET35|Any CPU.ActiveCfg = Debug.NET35|Any CPU
		{7D8B626C-F7FA-44E1-9A25-E00C81AF0364}.Debug.NET35|Any CPU.Build.0 = Debug.NET35|Any CPU
		{7D8B626C-F7FA-44E1-9A25-E00C81AF0364}.Debug.NET4|Any CPU.ActiveCfg = Debug.NET4|Any CPU
		{7D8B626C-F7FA-44E1-9A25-E00C81AF0364}.Debug.NET4|Any CPU.Build.0 = Debug.NET4|Any CPU
		{7D8B626C-F7FA-44E1-9A25-E00C81AF0364}.Debug.NET45|Any CPU.ActiveCfg = Debug.NET45|Any CPU
		{7D8B626C-F7FA-44E1-9A25-E00C81AF0364}.Debug.NET45|Any CPU.Build.0 = Debug.NET45|Any CPU
		{7D8B626C-F7FA-44E1-9A25-E00C81AF0364}.Debug|Any CPU.ActiveCfg = Debug.NET45|Any CPU
		{7D8B626C-F7FA-44E1-9A25-E00C81AF0364}.Debug|Any CPU.Build.0 = Debug.NET45|Any CPU
		{7D8B626C-F7FA-44E1-9A25-E00C81AF0364}.Release.NET35|Any CPU.ActiveCfg = Release.NET35|Any CPU
		{7D8B626C-F7FA-44E1-9A25-E00C81AF0364}.Release.NET35|Any CPU.Build.0 = Release.NET35|Any CPU
		{7D8B626C-F7FA-44E1-9A25-E00C81AF0364}.Release.NET4|Any CPU.ActiveCfg = Release.NET4|Any CPU
		{7D8B626C-F7FA-44E1-9A25-E00C81AF0364}.Release.NET4|Any CPU.Build.0 = Release.NET4|Any CPU
		{7D8B626C-F7FA-44E1-9A25-E00C81AF0364}.Release.NET45|Any CPU.ActiveCfg = Release.NET45|Any CPU
		{7D8B626C-F7FA-44E1-9A25-E00C81AF0364}.Release.NET45|Any CPU.Build.0 = Release.NET45|Any CPU
		{7D8B626C-F7FA-44E1-9A25-E00C81AF0364}.Release|Any CPU.ActiveCfg = Release.NET45|Any CPU
		{7D8B626C-F7FA-44E1-9A25-E00C81AF0364}.Release|Any CPU.Build.0 = Release.NET45|Any CPU
		{7493A75D-106A-4A50-9DCF-A7A034629FFF}.Debug.NET35|Any CPU.ActiveCfg = Debug.Net35|Any CPU
		{7493A75D-106A-4A50-9DCF-A7A034629FFF}.Debug.NET35|Any CPU.Build.0 = Debug.Net35|Any CPU
		{7493A75D-106A-4A50-9DCF-A7A034629FFF}.Debug.NET4|Any CPU.ActiveCfg = Debug.NET4|Any CPU
		{7493A75D-106A-4A50-9DCF-A7A034629FFF}.Debug.NET4|Any CPU.Build.0 = Debug.NET4|Any CPU
		{7493A75D-106A-4A50-9DCF-A7A034629FFF}.Debug.NET45|Any CPU.ActiveCfg = Debug.NET45|Any CPU
		{7493A75D-106A-4A50-9DCF-A7A034629FFF}.Debug.NET45|Any CPU.Build.0 = Debug.NET45|Any CPU
		{7493A75D-106A-4A50-9DCF-A7A034629FFF}.Debug|Any CPU.ActiveCfg = Debug|Any CPU
		{7493A75D-106A-4A50-9DCF-A7A034629FFF}.Debug|Any CPU.Build.0 = Debug|Any CPU
		{7493A75D-106A-4A50-9DCF-A7A034629FFF}.Release.NET35|Any CPU.ActiveCfg = Release.Net35|Any CPU
		{7493A75D-106A-4A50-9DCF-A7A034629FFF}.Release.NET35|Any CPU.Build.0 = Release.Net35|Any CPU
		{7493A75D-106A-4A50-9DCF-A7A034629FFF}.Release.NET4|Any CPU.ActiveCfg = Release.NET4|Any CPU
		{7493A75D-106A-4A50-9DCF-A7A034629FFF}.Release.NET4|Any CPU.Build.0 = Release.NET4|Any CPU
		{7493A75D-106A-4A50-9DCF-A7A034629FFF}.Release.NET45|Any CPU.ActiveCfg = Release.NET45|Any CPU
		{7493A75D-106A-4A50-9DCF-A7A034629FFF}.Release.NET45|Any CPU.Build.0 = Release.NET45|Any CPU
		{7493A75D-106A-4A50-9DCF-A7A034629FFF}.Release|Any CPU.ActiveCfg = Release|Any CPU
		{7493A75D-106A-4A50-9DCF-A7A034629FFF}.Release|Any CPU.Build.0 = Release|Any CPU
	EndGlobalSection
	GlobalSection(SolutionProperties) = preSolution
		HideSolutionNode = FALSE
	EndGlobalSection
	GlobalSection(NestedProjects) = preSolution
		{CAF59F03-A21D-4F84-A3B5-1A58977AD32F} = {30F2D32F-68A5-458D-8076-B669CAED2C52}
		{DF642FB7-25EB-424D-8E92-6C046F42D4A9} = {30F2D32F-68A5-458D-8076-B669CAED2C52}
		{55EF5FD4-A4EB-46D2-92CA-B3FA317F4C38} = {30F2D32F-68A5-458D-8076-B669CAED2C52}
		{94BC16E0-2F14-4747-82F8-CFA22AD558CA} = {30F2D32F-68A5-458D-8076-B669CAED2C52}
		{7AEEAE63-A63B-4B28-8DB8-0B06B00D1E6A} = {30F2D32F-68A5-458D-8076-B669CAED2C52}
		{26B7F676-7D66-496A-8F11-DA4B34B3AB8C} = {30F2D32F-68A5-458D-8076-B669CAED2C52}
		{7493A75D-106A-4A50-9DCF-A7A034629FFF} = {30F2D32F-68A5-458D-8076-B669CAED2C52}
	EndGlobalSection
	GlobalSection(ExtensibilityGlobals) = postSolution
		SolutionGuid = {83999369-3DC0-4FBD-9330-7CB7615F0591}
	EndGlobalSection
EndGlobal
