
Microsoft Visual Studio Solution File, Format Version 10.00
# Visual Studio 2008
Project("{FAE04EC0-301F-11D3-BF4B-00C04F79EFBC}") = "GoInterface tests", "GoInterface tests.csproj", "{064ED9ED-335C-4EC4-834D-56AB9727F731}"
EndProject
Global
	GlobalSection(SolutionConfigurationPlatforms) = preSolution
		Debug|Any CPU = Debug|Any CPU
		Release|Any CPU = Release|Any CPU
	EndGlobalSection
	GlobalSection(ProjectConfigurationPlatforms) = postSolution
		{064ED9ED-335C-4EC4-834D-56AB9727F731}.Debug|Any CPU.ActiveCfg = Debug|Any CPU
		{064ED9ED-335C-4EC4-834D-56AB9727F731}.Debug|Any CPU.Build.0 = Debug|Any CPU
		{064ED9ED-335C-4EC4-834D-56AB9727F731}.Release|Any CPU.ActiveCfg = Release|Any CPU
		{064ED9ED-335C-4EC4-834D-56AB9727F731}.Release|Any CPU.Build.0 = Release|Any CPU
	EndGlobalSection
	GlobalSection(SolutionProperties) = preSolution
		HideSolutionNode = FALSE
	EndGlobalSection
EndGlobal
