
Microsoft Visual Studio Solution File, Format Version 12.00
# Visual Studio 2010
Project("{FAE04EC0-301F-11D3-BF4B-00C04F79EFBC}") = "Loyc.Essentials", "Loyc.Essentials\Loyc.Essentials.csproj", "{DF642FB7-25EB-424D-8E92-6C046F42D4A9}"
EndProject
Project("{FAE04EC0-301F-11D3-BF4B-00C04F79EFBC}") = "Loyc.Syntax", "Loyc.Syntax\Loyc.Syntax.csproj", "{55EF5FD4-A4EB-46D2-92CA-B3FA317F4C38}"
EndProject
Project("{FAE04EC0-301F-11D3-BF4B-00C04F79EFBC}") = "Loyc.Utilities", "Loyc.Utilities\Loyc.Utilities.csproj", "{94BC16E0-2F14-4747-82F8-CFA22AD558CA}"
EndProject
Project("{FAE04EC0-301F-11D3-BF4B-00C04F79EFBC}") = "Loyc.Collections", "Loyc.Collections\Loyc.Collections.csproj", "{7AEEAE63-A63B-4B28-8DB8-0B06B00D1E6A}"
EndProject
Project("{FAE04EC0-301F-11D3-BF4B-00C04F79EFBC}") = "MiniTestRunner", "MiniTestRunner\MiniTestRunner.csproj", "{3C58D462-4B0D-49E3-A851-195EE3AD05B0}"
EndProject
Project("{FAE04EC0-301F-11D3-BF4B-00C04F79EFBC}") = "LoycCore.Tests", "Tests\LoycCore.Tests.csproj", "{CAF59F03-A21D-4F84-A3B5-1A58977AD32F}"
EndProject
Project("{FAE04EC0-301F-11D3-BF4B-00C04F79EFBC}") = "LoycCore.Benchmarks", "LoycCore.Benchmarks\LoycCore.Benchmarks.csproj", "{26B7F676-7D66-496A-8F11-DA4B34B3AB8C}"
EndProject
Global
	GlobalSection(SolutionConfigurationPlatforms) = preSolution
		Debug.NET35|Any CPU = Debug.NET35|Any CPU
		Debug.NET4|Any CPU = Debug.NET4|Any CPU
		Debug.NET45|Any CPU = Debug.NET45|Any CPU
		Debug|Any CPU = Debug|Any CPU
		Release.NET35|Any CPU = Release.NET35|Any CPU
		Release.NET4|Any CPU = Release.NET4|Any CPU
		Release.NET45|Any CPU = Release.NET45|Any CPU
		Release|Any CPU = Release|Any CPU
	EndGlobalSection
	GlobalSection(ProjectConfigurationPlatforms) = postSolution
		{DF642FB7-25EB-424D-8E92-6C046F42D4A9}.Debug.NET35|Any CPU.ActiveCfg = Debug.Net35|Any CPU
		{DF642FB7-25EB-424D-8E92-6C046F42D4A9}.Debug.NET35|Any CPU.Build.0 = Debug.Net35|Any CPU
		{DF642FB7-25EB-424D-8E92-6C046F42D4A9}.Debug.NET4|Any CPU.ActiveCfg = Debug.NET4|Any CPU
		{DF642FB7-25EB-424D-8E92-6C046F42D4A9}.Debug.NET4|Any CPU.Build.0 = Debug.NET4|Any CPU
		{DF642FB7-25EB-424D-8E92-6C046F42D4A9}.Debug.NET45|Any CPU.ActiveCfg = Debug.NET45|Any CPU
		{DF642FB7-25EB-424D-8E92-6C046F42D4A9}.Debug.NET45|Any CPU.Build.0 = Debug.NET45|Any CPU
		{DF642FB7-25EB-424D-8E92-6C046F42D4A9}.Debug|Any CPU.ActiveCfg = Debug.NET4|Any CPU
		{DF642FB7-25EB-424D-8E92-6C046F42D4A9}.Debug|Any CPU.Build.0 = Debug.NET4|Any CPU
		{DF642FB7-25EB-424D-8E92-6C046F42D4A9}.Release.NET35|Any CPU.ActiveCfg = Release.Net35|Any CPU
		{DF642FB7-25EB-424D-8E92-6C046F42D4A9}.Release.NET35|Any CPU.Build.0 = Release.Net35|Any CPU
		{DF642FB7-25EB-424D-8E92-6C046F42D4A9}.Release.NET4|Any CPU.ActiveCfg = Release.NET4|Any CPU
		{DF642FB7-25EB-424D-8E92-6C046F42D4A9}.Release.NET4|Any CPU.Build.0 = Release.NET4|Any CPU
		{DF642FB7-25EB-424D-8E92-6C046F42D4A9}.Release.NET45|Any CPU.ActiveCfg = Release.NET45|Any CPU
		{DF642FB7-25EB-424D-8E92-6C046F42D4A9}.Release.NET45|Any CPU.Build.0 = Release.NET45|Any CPU
		{DF642FB7-25EB-424D-8E92-6C046F42D4A9}.Release|Any CPU.ActiveCfg = Release.NET4|Any CPU
		{DF642FB7-25EB-424D-8E92-6C046F42D4A9}.Release|Any CPU.Build.0 = Release.NET4|Any CPU
		{55EF5FD4-A4EB-46D2-92CA-B3FA317F4C38}.Debug.NET35|Any CPU.ActiveCfg = Debug.Net35|Any CPU
		{55EF5FD4-A4EB-46D2-92CA-B3FA317F4C38}.Debug.NET35|Any CPU.Build.0 = Debug.Net35|Any CPU
		{55EF5FD4-A4EB-46D2-92CA-B3FA317F4C38}.Debug.NET4|Any CPU.ActiveCfg = Debug.NET4|Any CPU
		{55EF5FD4-A4EB-46D2-92CA-B3FA317F4C38}.Debug.NET4|Any CPU.Build.0 = Debug.NET4|Any CPU
		{55EF5FD4-A4EB-46D2-92CA-B3FA317F4C38}.Debug.NET45|Any CPU.ActiveCfg = Debug.NET45|Any CPU
		{55EF5FD4-A4EB-46D2-92CA-B3FA317F4C38}.Debug.NET45|Any CPU.Build.0 = Debug.NET45|Any CPU
		{55EF5FD4-A4EB-46D2-92CA-B3FA317F4C38}.Debug|Any CPU.ActiveCfg = Debug.NET4|Any CPU
		{55EF5FD4-A4EB-46D2-92CA-B3FA317F4C38}.Debug|Any CPU.Build.0 = Debug.NET4|Any CPU
		{55EF5FD4-A4EB-46D2-92CA-B3FA317F4C38}.Release.NET35|Any CPU.ActiveCfg = Release.Net35|Any CPU
		{55EF5FD4-A4EB-46D2-92CA-B3FA317F4C38}.Release.NET35|Any CPU.Build.0 = Release.Net35|Any CPU
		{55EF5FD4-A4EB-46D2-92CA-B3FA317F4C38}.Release.NET4|Any CPU.ActiveCfg = Release.NET4|Any CPU
		{55EF5FD4-A4EB-46D2-92CA-B3FA317F4C38}.Release.NET4|Any CPU.Build.0 = Release.NET4|Any CPU
		{55EF5FD4-A4EB-46D2-92CA-B3FA317F4C38}.Release.NET45|Any CPU.ActiveCfg = Release.NET45|Any CPU
		{55EF5FD4-A4EB-46D2-92CA-B3FA317F4C38}.Release.NET45|Any CPU.Build.0 = Release.NET45|Any CPU
		{55EF5FD4-A4EB-46D2-92CA-B3FA317F4C38}.Release|Any CPU.ActiveCfg = Release.NET4|Any CPU
		{55EF5FD4-A4EB-46D2-92CA-B3FA317F4C38}.Release|Any CPU.Build.0 = Release.NET4|Any CPU
		{94BC16E0-2F14-4747-82F8-CFA22AD558CA}.Debug.NET35|Any CPU.ActiveCfg = Debug.Net35|Any CPU
		{94BC16E0-2F14-4747-82F8-CFA22AD558CA}.Debug.NET35|Any CPU.Build.0 = Debug.Net35|Any CPU
		{94BC16E0-2F14-4747-82F8-CFA22AD558CA}.Debug.NET4|Any CPU.ActiveCfg = Debug.NET4|Any CPU
		{94BC16E0-2F14-4747-82F8-CFA22AD558CA}.Debug.NET4|Any CPU.Build.0 = Debug.NET4|Any CPU
		{94BC16E0-2F14-4747-82F8-CFA22AD558CA}.Debug.NET45|Any CPU.ActiveCfg = Debug.NET45|Any CPU
		{94BC16E0-2F14-4747-82F8-CFA22AD558CA}.Debug.NET45|Any CPU.Build.0 = Debug.NET45|Any CPU
		{94BC16E0-2F14-4747-82F8-CFA22AD558CA}.Debug|Any CPU.ActiveCfg = Debug.NET4|Any CPU
		{94BC16E0-2F14-4747-82F8-CFA22AD558CA}.Debug|Any CPU.Build.0 = Debug.NET4|Any CPU
		{94BC16E0-2F14-4747-82F8-CFA22AD558CA}.Release.NET35|Any CPU.ActiveCfg = Release.Net35|Any CPU
		{94BC16E0-2F14-4747-82F8-CFA22AD558CA}.Release.NET35|Any CPU.Build.0 = Release.Net35|Any CPU
		{94BC16E0-2F14-4747-82F8-CFA22AD558CA}.Release.NET4|Any CPU.ActiveCfg = Release.NET4|Any CPU
		{94BC16E0-2F14-4747-82F8-CFA22AD558CA}.Release.NET4|Any CPU.Build.0 = Release.NET4|Any CPU
		{94BC16E0-2F14-4747-82F8-CFA22AD558CA}.Release.NET45|Any CPU.ActiveCfg = Release.NET45|Any CPU
		{94BC16E0-2F14-4747-82F8-CFA22AD558CA}.Release.NET45|Any CPU.Build.0 = Release.NET45|Any CPU
		{94BC16E0-2F14-4747-82F8-CFA22AD558CA}.Release|Any CPU.ActiveCfg = Release.NET4|Any CPU
		{94BC16E0-2F14-4747-82F8-CFA22AD558CA}.Release|Any CPU.Build.0 = Release.NET4|Any CPU
		{7AEEAE63-A63B-4B28-8DB8-0B06B00D1E6A}.Debug.NET35|Any CPU.ActiveCfg = Debug.Net35|Any CPU
		{7AEEAE63-A63B-4B28-8DB8-0B06B00D1E6A}.Debug.NET35|Any CPU.Build.0 = Debug.Net35|Any CPU
		{7AEEAE63-A63B-4B28-8DB8-0B06B00D1E6A}.Debug.NET4|Any CPU.ActiveCfg = Debug.NET4|Any CPU
		{7AEEAE63-A63B-4B28-8DB8-0B06B00D1E6A}.Debug.NET4|Any CPU.Build.0 = Debug.NET4|Any CPU
		{7AEEAE63-A63B-4B28-8DB8-0B06B00D1E6A}.Debug.NET45|Any CPU.ActiveCfg = Debug.NET45|Any CPU
		{7AEEAE63-A63B-4B28-8DB8-0B06B00D1E6A}.Debug.NET45|Any CPU.Build.0 = Debug.NET45|Any CPU
		{7AEEAE63-A63B-4B28-8DB8-0B06B00D1E6A}.Debug|Any CPU.ActiveCfg = Debug.NET4|Any CPU
		{7AEEAE63-A63B-4B28-8DB8-0B06B00D1E6A}.Debug|Any CPU.Build.0 = Debug.NET4|Any CPU
		{7AEEAE63-A63B-4B28-8DB8-0B06B00D1E6A}.Release.NET35|Any CPU.ActiveCfg = Release.Net35|Any CPU
		{7AEEAE63-A63B-4B28-8DB8-0B06B00D1E6A}.Release.NET35|Any CPU.Build.0 = Release.Net35|Any CPU
		{7AEEAE63-A63B-4B28-8DB8-0B06B00D1E6A}.Release.NET4|Any CPU.ActiveCfg = Release.NET4|Any CPU
		{7AEEAE63-A63B-4B28-8DB8-0B06B00D1E6A}.Release.NET4|Any CPU.Build.0 = Release.NET4|Any CPU
		{7AEEAE63-A63B-4B28-8DB8-0B06B00D1E6A}.Release.NET45|Any CPU.ActiveCfg = Release.NET45|Any CPU
		{7AEEAE63-A63B-4B28-8DB8-0B06B00D1E6A}.Release.NET45|Any CPU.Build.0 = Release.NET45|Any CPU
		{7AEEAE63-A63B-4B28-8DB8-0B06B00D1E6A}.Release|Any CPU.ActiveCfg = Release.NET4|Any CPU
		{7AEEAE63-A63B-4B28-8DB8-0B06B00D1E6A}.Release|Any CPU.Build.0 = Release.NET4|Any CPU
		{3C58D462-4B0D-49E3-A851-195EE3AD05B0}.Debug.NET35|Any CPU.ActiveCfg = Debug.Net35|Any CPU
		{3C58D462-4B0D-49E3-A851-195EE3AD05B0}.Debug.NET35|Any CPU.Build.0 = Debug.Net35|Any CPU
		{3C58D462-4B0D-49E3-A851-195EE3AD05B0}.Debug.NET4|Any CPU.ActiveCfg = Debug.NET4|Any CPU
		{3C58D462-4B0D-49E3-A851-195EE3AD05B0}.Debug.NET4|Any CPU.Build.0 = Debug.NET4|Any CPU
		{3C58D462-4B0D-49E3-A851-195EE3AD05B0}.Debug.NET45|Any CPU.ActiveCfg = Debug.NET45|Any CPU
		{3C58D462-4B0D-49E3-A851-195EE3AD05B0}.Debug.NET45|Any CPU.Build.0 = Debug.NET45|Any CPU
		{3C58D462-4B0D-49E3-A851-195EE3AD05B0}.Debug|Any CPU.ActiveCfg = Debug.NET4|Any CPU
		{3C58D462-4B0D-49E3-A851-195EE3AD05B0}.Debug|Any CPU.Build.0 = Debug.NET4|Any CPU
		{3C58D462-4B0D-49E3-A851-195EE3AD05B0}.Release.NET35|Any CPU.ActiveCfg = Release.Net35|Any CPU
		{3C58D462-4B0D-49E3-A851-195EE3AD05B0}.Release.NET35|Any CPU.Build.0 = Release.Net35|Any CPU
		{3C58D462-4B0D-49E3-A851-195EE3AD05B0}.Release.NET4|Any CPU.ActiveCfg = Release.NET4|Any CPU
		{3C58D462-4B0D-49E3-A851-195EE3AD05B0}.Release.NET4|Any CPU.Build.0 = Release.NET4|Any CPU
		{3C58D462-4B0D-49E3-A851-195EE3AD05B0}.Release.NET45|Any CPU.ActiveCfg = Release.NET45|Any CPU
		{3C58D462-4B0D-49E3-A851-195EE3AD05B0}.Release.NET45|Any CPU.Build.0 = Release.NET45|Any CPU
		{3C58D462-4B0D-49E3-A851-195EE3AD05B0}.Release|Any CPU.ActiveCfg = Release.NET4|Any CPU
		{3C58D462-4B0D-49E3-A851-195EE3AD05B0}.Release|Any CPU.Build.0 = Release.NET4|Any CPU
		{CAF59F03-A21D-4F84-A3B5-1A58977AD32F}.Debug.NET35|Any CPU.ActiveCfg = Debug.Net35|Any CPU
		{CAF59F03-A21D-4F84-A3B5-1A58977AD32F}.Debug.NET35|Any CPU.Build.0 = Debug.Net35|Any CPU
		{CAF59F03-A21D-4F84-A3B5-1A58977AD32F}.Debug.NET4|Any CPU.ActiveCfg = Debug.NET4|Any CPU
		{CAF59F03-A21D-4F84-A3B5-1A58977AD32F}.Debug.NET4|Any CPU.Build.0 = Debug.NET4|Any CPU
		{CAF59F03-A21D-4F84-A3B5-1A58977AD32F}.Debug.NET45|Any CPU.ActiveCfg = Debug.NET45|Any CPU
		{CAF59F03-A21D-4F84-A3B5-1A58977AD32F}.Debug.NET45|Any CPU.Build.0 = Debug.NET45|Any CPU
		{CAF59F03-A21D-4F84-A3B5-1A58977AD32F}.Debug|Any CPU.ActiveCfg = Debug.NET4|Any CPU
		{CAF59F03-A21D-4F84-A3B5-1A58977AD32F}.Debug|Any CPU.Build.0 = Debug.NET4|Any CPU
		{CAF59F03-A21D-4F84-A3B5-1A58977AD32F}.Release.NET35|Any CPU.ActiveCfg = Release.Net35|Any CPU
		{CAF59F03-A21D-4F84-A3B5-1A58977AD32F}.Release.NET35|Any CPU.Build.0 = Release.Net35|Any CPU
		{CAF59F03-A21D-4F84-A3B5-1A58977AD32F}.Release.NET4|Any CPU.ActiveCfg = Release.NET4|Any CPU
		{CAF59F03-A21D-4F84-A3B5-1A58977AD32F}.Release.NET4|Any CPU.Build.0 = Release.NET4|Any CPU
		{CAF59F03-A21D-4F84-A3B5-1A58977AD32F}.Release.NET45|Any CPU.ActiveCfg = Release.NET45|Any CPU
		{CAF59F03-A21D-4F84-A3B5-1A58977AD32F}.Release.NET45|Any CPU.Build.0 = Release.NET45|Any CPU
		{CAF59F03-A21D-4F84-A3B5-1A58977AD32F}.Release|Any CPU.ActiveCfg = Release.NET4|Any CPU
		{CAF59F03-A21D-4F84-A3B5-1A58977AD32F}.Release|Any CPU.Build.0 = Release.NET4|Any CPU
		{26B7F676-7D66-496A-8F11-DA4B34B3AB8C}.Debug.NET35|Any CPU.ActiveCfg = Debug.NET4|Any CPU
		{26B7F676-7D66-496A-8F11-DA4B34B3AB8C}.Debug.NET4|Any CPU.ActiveCfg = Debug.NET4|Any CPU
		{26B7F676-7D66-496A-8F11-DA4B34B3AB8C}.Debug.NET4|Any CPU.Build.0 = Debug.NET4|Any CPU
		{26B7F676-7D66-496A-8F11-DA4B34B3AB8C}.Debug.NET45|Any CPU.ActiveCfg = Debug.NET45|Any CPU
		{26B7F676-7D66-496A-8F11-DA4B34B3AB8C}.Debug.NET45|Any CPU.Build.0 = Debug.NET45|Any CPU
		{26B7F676-7D66-496A-8F11-DA4B34B3AB8C}.Debug|Any CPU.ActiveCfg = Debug.NET4|Any CPU
		{26B7F676-7D66-496A-8F11-DA4B34B3AB8C}.Debug|Any CPU.Build.0 = Debug.NET4|Any CPU
		{26B7F676-7D66-496A-8F11-DA4B34B3AB8C}.Release.NET35|Any CPU.ActiveCfg = Release.NET4|Any CPU
		{26B7F676-7D66-496A-8F11-DA4B34B3AB8C}.Release.NET4|Any CPU.ActiveCfg = Release.NET4|Any CPU
		{26B7F676-7D66-496A-8F11-DA4B34B3AB8C}.Release.NET4|Any CPU.Build.0 = Release.NET4|Any CPU
		{26B7F676-7D66-496A-8F11-DA4B34B3AB8C}.Release.NET45|Any CPU.ActiveCfg = Release.NET45|Any CPU
		{26B7F676-7D66-496A-8F11-DA4B34B3AB8C}.Release.NET45|Any CPU.Build.0 = Release.NET45|Any CPU
		{26B7F676-7D66-496A-8F11-DA4B34B3AB8C}.Release|Any CPU.ActiveCfg = Release.NET4|Any CPU
		{26B7F676-7D66-496A-8F11-DA4B34B3AB8C}.Release|Any CPU.Build.0 = Release.NET4|Any CPU
	EndGlobalSection
	GlobalSection(SolutionProperties) = preSolution
		HideSolutionNode = FALSE
	EndGlobalSection
EndGlobal
