
Microsoft Visual Studio Solution File, Format Version 12.00
# Visual Studio Version 16
VisualStudioVersion = 16.0.29911.84
MinimumVisualStudioVersion = 10.0.40219.1
Project("{FAE04EC0-301F-11D3-BF4B-00C04F79EFBC}") = "Loyc.Essentials.net45", "Loyc.Essentials\Loyc.Essentials.net45.csproj", "{DF642FB7-25EB-424D-8E92-6C046F42D4A9}"
EndProject
Project("{FAE04EC0-301F-11D3-BF4B-00C04F79EFBC}") = "Loyc.Syntax.net45", "Loyc.Syntax\Loyc.Syntax.net45.csproj", "{55EF5FD4-A4EB-46D2-92CA-B3FA317F4C38}"
EndProject
Project("{FAE04EC0-301F-11D3-BF4B-00C04F79EFBC}") = "Loyc.Utilities.net45", "Loyc.Utilities\Loyc.Utilities.net45.csproj", "{94BC16E0-2F14-4747-82F8-CFA22AD558CA}"
EndProject
Project("{FAE04EC0-301F-11D3-BF4B-00C04F79EFBC}") = "Loyc.Collections.net45", "Loyc.Collections\Loyc.Collections.net45.csproj", "{7AEEAE63-A63B-4B28-8DB8-0B06B00D1E6A}"
EndProject
Project("{FAE04EC0-301F-11D3-BF4B-00C04F79EFBC}") = "MiniTestRunner.net45", "MiniTestRunner\MiniTestRunner.net45.csproj", "{3C58D462-4B0D-49E3-A851-195EE3AD05B0}"
EndProject
Project("{FAE04EC0-301F-11D3-BF4B-00C04F79EFBC}") = "LoycCore.Tests.net45", "Tests\LoycCore.Tests.net45.csproj", "{CAF59F03-A21D-4F84-A3B5-1A58977AD32F}"
EndProject
Project("{FAE04EC0-301F-11D3-BF4B-00C04F79EFBC}") = "LoycCore.Benchmarks.net45", "LoycCore.Benchmarks\LoycCore.Benchmarks.net45.csproj", "{26B7F676-7D66-496A-8F11-DA4B34B3AB8C}"
EndProject
Project("{FAE04EC0-301F-11D3-BF4B-00C04F79EFBC}") = "Loyc.Math.net45", "Loyc.Math\Loyc.Math.net45.csproj", "{7493A75D-106A-4A50-9DCF-A7A034629FFF}"
EndProject
Project("{FAE04EC0-301F-11D3-BF4B-00C04F79EFBC}") = "Loyc.Interfaces.net45", "Loyc.Interfaces\Loyc.Interfaces.net45.csproj", "{834F7631-149C-4172-83C2-C6BF9F8BF26B}"
EndProject
Global
	GlobalSection(SolutionConfigurationPlatforms) = preSolution
		Debug.NET45|Any CPU = Debug.NET45|Any CPU
		Debug|Any CPU = Debug|Any CPU
		Release.NET45|Any CPU = Release.NET45|Any CPU
		Release|Any CPU = Release|Any CPU
	EndGlobalSection
	GlobalSection(ProjectConfigurationPlatforms) = postSolution
		{DF642FB7-25EB-424D-8E92-6C046F42D4A9}.Debug.NET45|Any CPU.ActiveCfg = Debug.NET45|Any CPU
		{DF642FB7-25EB-424D-8E92-6C046F42D4A9}.Debug.NET45|Any CPU.Build.0 = Debug.NET45|Any CPU
		{DF642FB7-25EB-424D-8E92-6C046F42D4A9}.Debug|Any CPU.ActiveCfg = Debug|Any CPU
		{DF642FB7-25EB-424D-8E92-6C046F42D4A9}.Debug|Any CPU.Build.0 = Debug|Any CPU
		{DF642FB7-25EB-424D-8E92-6C046F42D4A9}.Release.NET45|Any CPU.ActiveCfg = Release.NET45|Any CPU
		{DF642FB7-25EB-424D-8E92-6C046F42D4A9}.Release.NET45|Any CPU.Build.0 = Release.NET45|Any CPU
		{DF642FB7-25EB-424D-8E92-6C046F42D4A9}.Release|Any CPU.ActiveCfg = Release|Any CPU
		{DF642FB7-25EB-424D-8E92-6C046F42D4A9}.Release|Any CPU.Build.0 = Release|Any CPU
		{55EF5FD4-A4EB-46D2-92CA-B3FA317F4C38}.Debug.NET45|Any CPU.ActiveCfg = Debug.NET45|Any CPU
		{55EF5FD4-A4EB-46D2-92CA-B3FA317F4C38}.Debug.NET45|Any CPU.Build.0 = Debug.NET45|Any CPU
		{55EF5FD4-A4EB-46D2-92CA-B3FA317F4C38}.Debug|Any CPU.ActiveCfg = Debug|Any CPU
		{55EF5FD4-A4EB-46D2-92CA-B3FA317F4C38}.Debug|Any CPU.Build.0 = Debug|Any CPU
		{55EF5FD4-A4EB-46D2-92CA-B3FA317F4C38}.Release.NET45|Any CPU.ActiveCfg = Release.NET45|Any CPU
		{55EF5FD4-A4EB-46D2-92CA-B3FA317F4C38}.Release.NET45|Any CPU.Build.0 = Release.NET45|Any CPU
		{55EF5FD4-A4EB-46D2-92CA-B3FA317F4C38}.Release|Any CPU.ActiveCfg = Release|Any CPU
		{55EF5FD4-A4EB-46D2-92CA-B3FA317F4C38}.Release|Any CPU.Build.0 = Release|Any CPU
		{94BC16E0-2F14-4747-82F8-CFA22AD558CA}.Debug.NET45|Any CPU.ActiveCfg = Debug.NET45|Any CPU
		{94BC16E0-2F14-4747-82F8-CFA22AD558CA}.Debug.NET45|Any CPU.Build.0 = Debug.NET45|Any CPU
		{94BC16E0-2F14-4747-82F8-CFA22AD558CA}.Debug|Any CPU.ActiveCfg = Debug|Any CPU
		{94BC16E0-2F14-4747-82F8-CFA22AD558CA}.Debug|Any CPU.Build.0 = Debug|Any CPU
		{94BC16E0-2F14-4747-82F8-CFA22AD558CA}.Release.NET45|Any CPU.ActiveCfg = Release.NET45|Any CPU
		{94BC16E0-2F14-4747-82F8-CFA22AD558CA}.Release.NET45|Any CPU.Build.0 = Release.NET45|Any CPU
		{94BC16E0-2F14-4747-82F8-CFA22AD558CA}.Release|Any CPU.ActiveCfg = Release|Any CPU
		{94BC16E0-2F14-4747-82F8-CFA22AD558CA}.Release|Any CPU.Build.0 = Release|Any CPU
		{7AEEAE63-A63B-4B28-8DB8-0B06B00D1E6A}.Debug.NET45|Any CPU.ActiveCfg = Debug.NET45|Any CPU
		{7AEEAE63-A63B-4B28-8DB8-0B06B00D1E6A}.Debug.NET45|Any CPU.Build.0 = Debug.NET45|Any CPU
		{7AEEAE63-A63B-4B28-8DB8-0B06B00D1E6A}.Debug|Any CPU.ActiveCfg = Debug|Any CPU
		{7AEEAE63-A63B-4B28-8DB8-0B06B00D1E6A}.Debug|Any CPU.Build.0 = Debug|Any CPU
		{7AEEAE63-A63B-4B28-8DB8-0B06B00D1E6A}.Release.NET45|Any CPU.ActiveCfg = Release.NET45|Any CPU
		{7AEEAE63-A63B-4B28-8DB8-0B06B00D1E6A}.Release.NET45|Any CPU.Build.0 = Release.NET45|Any CPU
		{7AEEAE63-A63B-4B28-8DB8-0B06B00D1E6A}.Release|Any CPU.ActiveCfg = Release|Any CPU
		{7AEEAE63-A63B-4B28-8DB8-0B06B00D1E6A}.Release|Any CPU.Build.0 = Release|Any CPU
		{3C58D462-4B0D-49E3-A851-195EE3AD05B0}.Debug.NET45|Any CPU.ActiveCfg = Debug.NET45|Any CPU
		{3C58D462-4B0D-49E3-A851-195EE3AD05B0}.Debug.NET45|Any CPU.Build.0 = Debug.NET45|Any CPU
		{3C58D462-4B0D-49E3-A851-195EE3AD05B0}.Debug|Any CPU.ActiveCfg = Debug|Any CPU
		{3C58D462-4B0D-49E3-A851-195EE3AD05B0}.Debug|Any CPU.Build.0 = Debug|Any CPU
		{3C58D462-4B0D-49E3-A851-195EE3AD05B0}.Release.NET45|Any CPU.ActiveCfg = Release.NET45|Any CPU
		{3C58D462-4B0D-49E3-A851-195EE3AD05B0}.Release.NET45|Any CPU.Build.0 = Release.NET45|Any CPU
		{3C58D462-4B0D-49E3-A851-195EE3AD05B0}.Release|Any CPU.ActiveCfg = Release|Any CPU
		{3C58D462-4B0D-49E3-A851-195EE3AD05B0}.Release|Any CPU.Build.0 = Release|Any CPU
		{CAF59F03-A21D-4F84-A3B5-1A58977AD32F}.Debug.NET45|Any CPU.ActiveCfg = Debug.NET45|Any CPU
		{CAF59F03-A21D-4F84-A3B5-1A58977AD32F}.Debug.NET45|Any CPU.Build.0 = Debug.NET45|Any CPU
		{CAF59F03-A21D-4F84-A3B5-1A58977AD32F}.Debug|Any CPU.ActiveCfg = Debug|Any CPU
		{CAF59F03-A21D-4F84-A3B5-1A58977AD32F}.Debug|Any CPU.Build.0 = Debug|Any CPU
		{CAF59F03-A21D-4F84-A3B5-1A58977AD32F}.Release.NET45|Any CPU.ActiveCfg = Release.NET45|Any CPU
		{CAF59F03-A21D-4F84-A3B5-1A58977AD32F}.Release.NET45|Any CPU.Build.0 = Release.NET45|Any CPU
		{CAF59F03-A21D-4F84-A3B5-1A58977AD32F}.Release|Any CPU.ActiveCfg = Release|Any CPU
		{CAF59F03-A21D-4F84-A3B5-1A58977AD32F}.Release|Any CPU.Build.0 = Release|Any CPU
		{26B7F676-7D66-496A-8F11-DA4B34B3AB8C}.Debug.NET45|Any CPU.ActiveCfg = Debug.NET45|Any CPU
		{26B7F676-7D66-496A-8F11-DA4B34B3AB8C}.Debug.NET45|Any CPU.Build.0 = Debug.NET45|Any CPU
		{26B7F676-7D66-496A-8F11-DA4B34B3AB8C}.Debug|Any CPU.ActiveCfg = Debug|Any CPU
		{26B7F676-7D66-496A-8F11-DA4B34B3AB8C}.Debug|Any CPU.Build.0 = Debug|Any CPU
		{26B7F676-7D66-496A-8F11-DA4B34B3AB8C}.Release.NET45|Any CPU.ActiveCfg = Release.NET45|Any CPU
		{26B7F676-7D66-496A-8F11-DA4B34B3AB8C}.Release.NET45|Any CPU.Build.0 = Release.NET45|Any CPU
		{26B7F676-7D66-496A-8F11-DA4B34B3AB8C}.Release|Any CPU.ActiveCfg = Release|Any CPU
		{26B7F676-7D66-496A-8F11-DA4B34B3AB8C}.Release|Any CPU.Build.0 = Release|Any CPU
		{7493A75D-106A-4A50-9DCF-A7A034629FFF}.Debug.NET45|Any CPU.ActiveCfg = Debug.NET45|Any CPU
		{7493A75D-106A-4A50-9DCF-A7A034629FFF}.Debug.NET45|Any CPU.Build.0 = Debug.NET45|Any CPU
		{7493A75D-106A-4A50-9DCF-A7A034629FFF}.Debug|Any CPU.ActiveCfg = Debug|Any CPU
		{7493A75D-106A-4A50-9DCF-A7A034629FFF}.Debug|Any CPU.Build.0 = Debug|Any CPU
		{7493A75D-106A-4A50-9DCF-A7A034629FFF}.Release.NET45|Any CPU.ActiveCfg = Release.NET45|Any CPU
		{7493A75D-106A-4A50-9DCF-A7A034629FFF}.Release.NET45|Any CPU.Build.0 = Release.NET45|Any CPU
		{7493A75D-106A-4A50-9DCF-A7A034629FFF}.Release|Any CPU.ActiveCfg = Release|Any CPU
		{7493A75D-106A-4A50-9DCF-A7A034629FFF}.Release|Any CPU.Build.0 = Release|Any CPU
		{834F7631-149C-4172-83C2-C6BF9F8BF26B}.Debug.NET45|Any CPU.ActiveCfg = Debug.NET45|Any CPU
		{834F7631-149C-4172-83C2-C6BF9F8BF26B}.Debug.NET45|Any CPU.Build.0 = Debug.NET45|Any CPU
		{834F7631-149C-4172-83C2-C6BF9F8BF26B}.Debug|Any CPU.ActiveCfg = Debug|Any CPU
		{834F7631-149C-4172-83C2-C6BF9F8BF26B}.Debug|Any CPU.Build.0 = Debug|Any CPU
		{834F7631-149C-4172-83C2-C6BF9F8BF26B}.Release.NET45|Any CPU.ActiveCfg = Release.NET45|Any CPU
		{834F7631-149C-4172-83C2-C6BF9F8BF26B}.Release.NET45|Any CPU.Build.0 = Release.NET45|Any CPU
		{834F7631-149C-4172-83C2-C6BF9F8BF26B}.Release|Any CPU.ActiveCfg = Release|Any CPU
		{834F7631-149C-4172-83C2-C6BF9F8BF26B}.Release|Any CPU.Build.0 = Release|Any CPU
	EndGlobalSection
	GlobalSection(SolutionProperties) = preSolution
		HideSolutionNode = FALSE
	EndGlobalSection
	GlobalSection(ExtensibilityGlobals) = postSolution
		SolutionGuid = {01F896FE-0D65-4932-B0D9-68B9D20BBB84}
	EndGlobalSection
EndGlobal
