
Microsoft Visual Studio Solution File, Format Version 12.00
# Visual Studio 15
VisualStudioVersion = 15.0.28307.572
MinimumVisualStudioVersion = 10.0.40219.1
Project("{9A19103F-16F7-4668-BE54-9A1E7A4F7556}") = "Loyc.Essentials", "Loyc.Essentials\Loyc.Essentials.csproj", "{90E5977C-DD09-47CA-BEB2-3491780E6138}"
EndProject
Project("{9A19103F-16F7-4668-BE54-9A1E7A4F7556}") = "Loyc.Collections", "Loyc.Collections\Loyc.Collections.csproj", "{C3F9D5D5-ED9A-40D2-B196-A7D82A498250}"
EndProject
Project("{9A19103F-16F7-4668-BE54-9A1E7A4F7556}") = "Loyc.Math", "Loyc.Math\Loyc.Math.csproj", "{C457790D-1EE6-432A-8540-BC04A5963798}"
EndProject
Project("{9A19103F-16F7-4668-BE54-9A1E7A4F7556}") = "Loyc.Syntax", "Loyc.Syntax\Loyc.Syntax.csproj", "{1B5A837A-42EC-485D-97E7-7FD39BBB8609}"
EndProject
Project("{9A19103F-16F7-4668-BE54-9A1E7A4F7556}") = "Loyc.Utilities", "Loyc.Utilities\Loyc.Utilities.csproj", "{DB83F1BD-D9B2-4423-AD9E-EA6DD0D5AD17}"
EndProject
Project("{9A19103F-16F7-4668-BE54-9A1E7A4F7556}") = "LoycCore.Tests", "Tests\LoycCore.Tests.csproj", "{91432F90-BFEB-42E3-9A81-5C1E14651564}"
EndProject
Global
	GlobalSection(SolutionConfigurationPlatforms) = preSolution
		Debug|Any CPU = Debug|Any CPU
		Release|Any CPU = Release|Any CPU
	EndGlobalSection
	GlobalSection(ProjectConfigurationPlatforms) = postSolution
		{90E5977C-DD09-47CA-BEB2-3491780E6138}.Debug|Any CPU.ActiveCfg = Debug|Any CPU
		{90E5977C-DD09-47CA-BEB2-3491780E6138}.Debug|Any CPU.Build.0 = Debug|Any CPU
		{90E5977C-DD09-47CA-BEB2-3491780E6138}.Release|Any CPU.ActiveCfg = Release|Any CPU
		{90E5977C-DD09-47CA-BEB2-3491780E6138}.Release|Any CPU.Build.0 = Release|Any CPU
		{C3F9D5D5-ED9A-40D2-B196-A7D82A498250}.Debug|Any CPU.ActiveCfg = Debug|Any CPU
		{C3F9D5D5-ED9A-40D2-B196-A7D82A498250}.Debug|Any CPU.Build.0 = Debug|Any CPU
		{C3F9D5D5-ED9A-40D2-B196-A7D82A498250}.Release|Any CPU.ActiveCfg = Release|Any CPU
		{C3F9D5D5-ED9A-40D2-B196-A7D82A498250}.Release|Any CPU.Build.0 = Release|Any CPU
		{C457790D-1EE6-432A-8540-BC04A5963798}.Debug|Any CPU.ActiveCfg = Debug|Any CPU
		{C457790D-1EE6-432A-8540-BC04A5963798}.Debug|Any CPU.Build.0 = Debug|Any CPU
		{C457790D-1EE6-432A-8540-BC04A5963798}.Release|Any CPU.ActiveCfg = Release|Any CPU
		{C457790D-1EE6-432A-8540-BC04A5963798}.Release|Any CPU.Build.0 = Release|Any CPU
		{1B5A837A-42EC-485D-97E7-7FD39BBB8609}.Debug|Any CPU.ActiveCfg = Debug|Any CPU
		{1B5A837A-42EC-485D-97E7-7FD39BBB8609}.Debug|Any CPU.Build.0 = Debug|Any CPU
		{1B5A837A-42EC-485D-97E7-7FD39BBB8609}.Release|Any CPU.ActiveCfg = Release|Any CPU
		{1B5A837A-42EC-485D-97E7-7FD39BBB8609}.Release|Any CPU.Build.0 = Release|Any CPU
		{DB83F1BD-D9B2-4423-AD9E-EA6DD0D5AD17}.Debug|Any CPU.ActiveCfg = Debug|Any CPU
		{DB83F1BD-D9B2-4423-AD9E-EA6DD0D5AD17}.Debug|Any CPU.Build.0 = Debug|Any CPU
		{DB83F1BD-D9B2-4423-AD9E-EA6DD0D5AD17}.Release|Any CPU.ActiveCfg = Release|Any CPU
		{DB83F1BD-D9B2-4423-AD9E-EA6DD0D5AD17}.Release|Any CPU.Build.0 = Release|Any CPU
		{91432F90-BFEB-42E3-9A81-5C1E14651564}.Debug|Any CPU.ActiveCfg = Debug|Any CPU
		{91432F90-BFEB-42E3-9A81-5C1E14651564}.Debug|Any CPU.Build.0 = Debug|Any CPU
		{91432F90-BFEB-42E3-9A81-5C1E14651564}.Release|Any CPU.ActiveCfg = Release|Any CPU
		{91432F90-BFEB-42E3-9A81-5C1E14651564}.Release|Any CPU.Build.0 = Release|Any CPU
	EndGlobalSection
	GlobalSection(SolutionProperties) = preSolution
		HideSolutionNode = FALSE
	EndGlobalSection
	GlobalSection(ExtensibilityGlobals) = postSolution
		SolutionGuid = {CE968F70-81F4-43C8-9F77-90096DEBE029}
	EndGlobalSection
EndGlobal
