
Microsoft Visual Studio Solution File, Format Version 12.00
# Visual Studio 2013
VisualStudioVersion = 12.0.21005.1
MinimumVisualStudioVersion = 10.0.40219.1
Project("{FAE04EC0-301F-11D3-BF4B-00C04F79EFBC}") = "Tests.NET4", "Tests\Tests.NET4.csproj", "{CAF59F03-A21D-4F84-A3B5-1A58977AD32F}"
EndProject
Project("{FAE04EC0-301F-11D3-BF4B-00C04F79EFBC}") = "Loyc.Essentials.NET4", "Loyc.Essentials\Loyc.Essentials.NET4.csproj", "{DF642FB7-25EB-424D-8E92-6C046F42D4A9}"
EndProject
Project("{FAE04EC0-301F-11D3-BF4B-00C04F79EFBC}") = "MiniTestRunner", "MiniTestRunner\MiniTestRunner.csproj", "{3C58D462-4B0D-49E3-A851-195EE3AD05B0}"
EndProject
Project("{FAE04EC0-301F-11D3-BF4B-00C04F79EFBC}") = "Ecs", "Ecs\Ecs.csproj", "{E49944DB-0330-45C6-9EC5-BDBE1102AE07}"
EndProject
Project("{FAE04EC0-301F-11D3-BF4B-00C04F79EFBC}") = "Loyc.Syntax.NET4", "Loyc.Syntax\Loyc.Syntax.NET4.csproj", "{55EF5FD4-A4EB-46D2-92CA-B3FA317F4C38}"
EndProject
Project("{FAE04EC0-301F-11D3-BF4B-00C04F79EFBC}") = "Loyc.Utilities.NET4", "Loyc.Utilities\Loyc.Utilities.NET4.csproj", "{94BC16E0-2F14-4747-82F8-CFA22AD558CA}"
EndProject
Project("{FAE04EC0-301F-11D3-BF4B-00C04F79EFBC}") = "LLLPG", "LLLPG\LLLPG.csproj", "{0E50272F-4FDB-4FDA-858A-AE46D1B66E1A}"
EndProject
Project("{FAE04EC0-301F-11D3-BF4B-00C04F79EFBC}") = "Loyc.Collections.NET4", "Loyc.Collections\Loyc.Collections.NET4.csproj", "{7AEEAE63-A63B-4B28-8DB8-0B06B00D1E6A}"
EndProject
Project("{FAE04EC0-301F-11D3-BF4B-00C04F79EFBC}") = "Baadia", "Baadia\Baadia.csproj", "{A222E8AD-0CA1-40D2-BAB9-6F710E2215D1}"
EndProject
Project("{FAE04EC0-301F-11D3-BF4B-00C04F79EFBC}") = "LEL", "LEL\LEL.csproj", "{E960917A-F32C-469F-91DA-0B75342FA5BC}"
EndProject
Global
	GlobalSection(SolutionConfigurationPlatforms) = preSolution
		Debug|Any CPU = Debug|Any CPU
		Debug|Mixed Platforms = Debug|Mixed Platforms
		Debug|x86 = Debug|x86
		Release|Any CPU = Release|Any CPU
		Release|Mixed Platforms = Release|Mixed Platforms
		Release|x86 = Release|x86
	EndGlobalSection
	GlobalSection(ProjectConfigurationPlatforms) = postSolution
		{CAF59F03-A21D-4F84-A3B5-1A58977AD32F}.Debug|Any CPU.ActiveCfg = Debug|Any CPU
		{CAF59F03-A21D-4F84-A3B5-1A58977AD32F}.Debug|Any CPU.Build.0 = Debug|Any CPU
		{CAF59F03-A21D-4F84-A3B5-1A58977AD32F}.Debug|Mixed Platforms.ActiveCfg = Debug|Any CPU
		{CAF59F03-A21D-4F84-A3B5-1A58977AD32F}.Debug|Mixed Platforms.Build.0 = Debug|Any CPU
		{CAF59F03-A21D-4F84-A3B5-1A58977AD32F}.Debug|x86.ActiveCfg = Debug|Any CPU
		{CAF59F03-A21D-4F84-A3B5-1A58977AD32F}.Debug|x86.Build.0 = Debug|Any CPU
		{CAF59F03-A21D-4F84-A3B5-1A58977AD32F}.Release|Any CPU.ActiveCfg = Release|Any CPU
		{CAF59F03-A21D-4F84-A3B5-1A58977AD32F}.Release|Any CPU.Build.0 = Release|Any CPU
		{CAF59F03-A21D-4F84-A3B5-1A58977AD32F}.Release|Mixed Platforms.ActiveCfg = Release|Any CPU
		{CAF59F03-A21D-4F84-A3B5-1A58977AD32F}.Release|Mixed Platforms.Build.0 = Release|Any CPU
		{CAF59F03-A21D-4F84-A3B5-1A58977AD32F}.Release|x86.ActiveCfg = Release|Any CPU
		{CAF59F03-A21D-4F84-A3B5-1A58977AD32F}.Release|x86.Build.0 = Release|Any CPU
		{DF642FB7-25EB-424D-8E92-6C046F42D4A9}.Debug|Any CPU.ActiveCfg = Debug|Any CPU
		{DF642FB7-25EB-424D-8E92-6C046F42D4A9}.Debug|Any CPU.Build.0 = Debug|Any CPU
		{DF642FB7-25EB-424D-8E92-6C046F42D4A9}.Debug|Mixed Platforms.ActiveCfg = Debug|Any CPU
		{DF642FB7-25EB-424D-8E92-6C046F42D4A9}.Debug|Mixed Platforms.Build.0 = Debug|Any CPU
		{DF642FB7-25EB-424D-8E92-6C046F42D4A9}.Debug|x86.ActiveCfg = Debug|Any CPU
		{DF642FB7-25EB-424D-8E92-6C046F42D4A9}.Debug|x86.Build.0 = Debug|Any CPU
		{DF642FB7-25EB-424D-8E92-6C046F42D4A9}.Release|Any CPU.ActiveCfg = Release|Any CPU
		{DF642FB7-25EB-424D-8E92-6C046F42D4A9}.Release|Any CPU.Build.0 = Release|Any CPU
		{DF642FB7-25EB-424D-8E92-6C046F42D4A9}.Release|Mixed Platforms.ActiveCfg = Release|Any CPU
		{DF642FB7-25EB-424D-8E92-6C046F42D4A9}.Release|Mixed Platforms.Build.0 = Release|Any CPU
		{DF642FB7-25EB-424D-8E92-6C046F42D4A9}.Release|x86.ActiveCfg = Release|Any CPU
		{DF642FB7-25EB-424D-8E92-6C046F42D4A9}.Release|x86.Build.0 = Release|Any CPU
		{3C58D462-4B0D-49E3-A851-195EE3AD05B0}.Debug|Any CPU.ActiveCfg = Debug|Any CPU
		{3C58D462-4B0D-49E3-A851-195EE3AD05B0}.Debug|Any CPU.Build.0 = Debug|Any CPU
		{3C58D462-4B0D-49E3-A851-195EE3AD05B0}.Debug|Mixed Platforms.ActiveCfg = Debug|x86
		{3C58D462-4B0D-49E3-A851-195EE3AD05B0}.Debug|Mixed Platforms.Build.0 = Debug|x86
		{3C58D462-4B0D-49E3-A851-195EE3AD05B0}.Debug|x86.ActiveCfg = Debug|x86
		{3C58D462-4B0D-49E3-A851-195EE3AD05B0}.Debug|x86.Build.0 = Debug|x86
		{3C58D462-4B0D-49E3-A851-195EE3AD05B0}.Release|Any CPU.ActiveCfg = Release|Any CPU
		{3C58D462-4B0D-49E3-A851-195EE3AD05B0}.Release|Any CPU.Build.0 = Release|Any CPU
		{3C58D462-4B0D-49E3-A851-195EE3AD05B0}.Release|Mixed Platforms.ActiveCfg = Release|x86
		{3C58D462-4B0D-49E3-A851-195EE3AD05B0}.Release|Mixed Platforms.Build.0 = Release|x86
		{3C58D462-4B0D-49E3-A851-195EE3AD05B0}.Release|x86.ActiveCfg = Release|x86
		{3C58D462-4B0D-49E3-A851-195EE3AD05B0}.Release|x86.Build.0 = Release|x86
		{E49944DB-0330-45C6-9EC5-BDBE1102AE07}.Debug|Any CPU.ActiveCfg = Debug|Any CPU
		{E49944DB-0330-45C6-9EC5-BDBE1102AE07}.Debug|Any CPU.Build.0 = Debug|Any CPU
		{E49944DB-0330-45C6-9EC5-BDBE1102AE07}.Debug|Mixed Platforms.ActiveCfg = Debug|x86
		{E49944DB-0330-45C6-9EC5-BDBE1102AE07}.Debug|Mixed Platforms.Build.0 = Debug|x86
		{E49944DB-0330-45C6-9EC5-BDBE1102AE07}.Debug|x86.ActiveCfg = Debug|x86
		{E49944DB-0330-45C6-9EC5-BDBE1102AE07}.Debug|x86.Build.0 = Debug|x86
		{E49944DB-0330-45C6-9EC5-BDBE1102AE07}.Release|Any CPU.ActiveCfg = Release|Any CPU
		{E49944DB-0330-45C6-9EC5-BDBE1102AE07}.Release|Any CPU.Build.0 = Release|Any CPU
		{E49944DB-0330-45C6-9EC5-BDBE1102AE07}.Release|Mixed Platforms.ActiveCfg = Release|x86
		{E49944DB-0330-45C6-9EC5-BDBE1102AE07}.Release|Mixed Platforms.Build.0 = Release|x86
		{E49944DB-0330-45C6-9EC5-BDBE1102AE07}.Release|x86.ActiveCfg = Release|x86
		{E49944DB-0330-45C6-9EC5-BDBE1102AE07}.Release|x86.Build.0 = Release|x86
		{55EF5FD4-A4EB-46D2-92CA-B3FA317F4C38}.Debug|Any CPU.ActiveCfg = Debug|Any CPU
		{55EF5FD4-A4EB-46D2-92CA-B3FA317F4C38}.Debug|Any CPU.Build.0 = Debug|Any CPU
		{55EF5FD4-A4EB-46D2-92CA-B3FA317F4C38}.Debug|Mixed Platforms.ActiveCfg = Debug|Any CPU
		{55EF5FD4-A4EB-46D2-92CA-B3FA317F4C38}.Debug|Mixed Platforms.Build.0 = Debug|Any CPU
		{55EF5FD4-A4EB-46D2-92CA-B3FA317F4C38}.Debug|x86.ActiveCfg = Debug|Any CPU
		{55EF5FD4-A4EB-46D2-92CA-B3FA317F4C38}.Release|Any CPU.ActiveCfg = Release|Any CPU
		{55EF5FD4-A4EB-46D2-92CA-B3FA317F4C38}.Release|Any CPU.Build.0 = Release|Any CPU
		{55EF5FD4-A4EB-46D2-92CA-B3FA317F4C38}.Release|Mixed Platforms.ActiveCfg = Release|Any CPU
		{55EF5FD4-A4EB-46D2-92CA-B3FA317F4C38}.Release|Mixed Platforms.Build.0 = Release|Any CPU
		{55EF5FD4-A4EB-46D2-92CA-B3FA317F4C38}.Release|x86.ActiveCfg = Release|Any CPU
		{94BC16E0-2F14-4747-82F8-CFA22AD558CA}.Debug|Any CPU.ActiveCfg = Debug|Any CPU
		{94BC16E0-2F14-4747-82F8-CFA22AD558CA}.Debug|Any CPU.Build.0 = Debug|Any CPU
		{94BC16E0-2F14-4747-82F8-CFA22AD558CA}.Debug|Mixed Platforms.ActiveCfg = Debug|Any CPU
		{94BC16E0-2F14-4747-82F8-CFA22AD558CA}.Debug|Mixed Platforms.Build.0 = Debug|Any CPU
		{94BC16E0-2F14-4747-82F8-CFA22AD558CA}.Debug|x86.ActiveCfg = Debug|Any CPU
		{94BC16E0-2F14-4747-82F8-CFA22AD558CA}.Release|Any CPU.ActiveCfg = Release|Any CPU
		{94BC16E0-2F14-4747-82F8-CFA22AD558CA}.Release|Any CPU.Build.0 = Release|Any CPU
		{94BC16E0-2F14-4747-82F8-CFA22AD558CA}.Release|Mixed Platforms.ActiveCfg = Release|Any CPU
		{94BC16E0-2F14-4747-82F8-CFA22AD558CA}.Release|Mixed Platforms.Build.0 = Release|Any CPU
		{94BC16E0-2F14-4747-82F8-CFA22AD558CA}.Release|x86.ActiveCfg = Release|Any CPU
		{0E50272F-4FDB-4FDA-858A-AE46D1B66E1A}.Debug|Any CPU.ActiveCfg = Debug|Any CPU
		{0E50272F-4FDB-4FDA-858A-AE46D1B66E1A}.Debug|Any CPU.Build.0 = Debug|Any CPU
		{0E50272F-4FDB-4FDA-858A-AE46D1B66E1A}.Debug|Mixed Platforms.ActiveCfg = Debug|x86
		{0E50272F-4FDB-4FDA-858A-AE46D1B66E1A}.Debug|Mixed Platforms.Build.0 = Debug|x86
		{0E50272F-4FDB-4FDA-858A-AE46D1B66E1A}.Debug|x86.ActiveCfg = Debug|x86
		{0E50272F-4FDB-4FDA-858A-AE46D1B66E1A}.Debug|x86.Build.0 = Debug|x86
		{0E50272F-4FDB-4FDA-858A-AE46D1B66E1A}.Release|Any CPU.ActiveCfg = Release|Any CPU
		{0E50272F-4FDB-4FDA-858A-AE46D1B66E1A}.Release|Any CPU.Build.0 = Release|Any CPU
		{0E50272F-4FDB-4FDA-858A-AE46D1B66E1A}.Release|Mixed Platforms.ActiveCfg = Release|x86
		{0E50272F-4FDB-4FDA-858A-AE46D1B66E1A}.Release|Mixed Platforms.Build.0 = Release|x86
		{0E50272F-4FDB-4FDA-858A-AE46D1B66E1A}.Release|x86.ActiveCfg = Release|x86
		{0E50272F-4FDB-4FDA-858A-AE46D1B66E1A}.Release|x86.Build.0 = Release|x86
		{7AEEAE63-A63B-4B28-8DB8-0B06B00D1E6A}.Debug|Any CPU.ActiveCfg = Debug|Any CPU
		{7AEEAE63-A63B-4B28-8DB8-0B06B00D1E6A}.Debug|Any CPU.Build.0 = Debug|Any CPU
		{7AEEAE63-A63B-4B28-8DB8-0B06B00D1E6A}.Debug|Mixed Platforms.ActiveCfg = Debug|Any CPU
		{7AEEAE63-A63B-4B28-8DB8-0B06B00D1E6A}.Debug|Mixed Platforms.Build.0 = Debug|Any CPU
		{7AEEAE63-A63B-4B28-8DB8-0B06B00D1E6A}.Debug|x86.ActiveCfg = Debug|Any CPU
		{7AEEAE63-A63B-4B28-8DB8-0B06B00D1E6A}.Release|Any CPU.ActiveCfg = Release|Any CPU
		{7AEEAE63-A63B-4B28-8DB8-0B06B00D1E6A}.Release|Any CPU.Build.0 = Release|Any CPU
		{7AEEAE63-A63B-4B28-8DB8-0B06B00D1E6A}.Release|Mixed Platforms.ActiveCfg = Release|Any CPU
		{7AEEAE63-A63B-4B28-8DB8-0B06B00D1E6A}.Release|Mixed Platforms.Build.0 = Release|Any CPU
		{7AEEAE63-A63B-4B28-8DB8-0B06B00D1E6A}.Release|x86.ActiveCfg = Release|Any CPU
		{A222E8AD-0CA1-40D2-BAB9-6F710E2215D1}.Debug|Any CPU.ActiveCfg = Debug|Any CPU
		{A222E8AD-0CA1-40D2-BAB9-6F710E2215D1}.Debug|Any CPU.Build.0 = Debug|Any CPU
		{A222E8AD-0CA1-40D2-BAB9-6F710E2215D1}.Debug|Mixed Platforms.ActiveCfg = Debug|x86
		{A222E8AD-0CA1-40D2-BAB9-6F710E2215D1}.Debug|Mixed Platforms.Build.0 = Debug|x86
		{A222E8AD-0CA1-40D2-BAB9-6F710E2215D1}.Debug|x86.ActiveCfg = Debug|x86
		{A222E8AD-0CA1-40D2-BAB9-6F710E2215D1}.Debug|x86.Build.0 = Debug|x86
		{A222E8AD-0CA1-40D2-BAB9-6F710E2215D1}.Release|Any CPU.ActiveCfg = Release|Any CPU
		{A222E8AD-0CA1-40D2-BAB9-6F710E2215D1}.Release|Any CPU.Build.0 = Release|Any CPU
		{A222E8AD-0CA1-40D2-BAB9-6F710E2215D1}.Release|Mixed Platforms.ActiveCfg = Release|x86
		{A222E8AD-0CA1-40D2-BAB9-6F710E2215D1}.Release|Mixed Platforms.Build.0 = Release|x86
		{A222E8AD-0CA1-40D2-BAB9-6F710E2215D1}.Release|x86.ActiveCfg = Release|x86
		{A222E8AD-0CA1-40D2-BAB9-6F710E2215D1}.Release|x86.Build.0 = Release|x86
		{E960917A-F32C-469F-91DA-0B75342FA5BC}.Debug|Any CPU.ActiveCfg = Debug|Any CPU
		{E960917A-F32C-469F-91DA-0B75342FA5BC}.Debug|Any CPU.Build.0 = Debug|Any CPU
		{E960917A-F32C-469F-91DA-0B75342FA5BC}.Debug|Mixed Platforms.ActiveCfg = Debug|x86
		{E960917A-F32C-469F-91DA-0B75342FA5BC}.Debug|Mixed Platforms.Build.0 = Debug|x86
		{E960917A-F32C-469F-91DA-0B75342FA5BC}.Debug|x86.ActiveCfg = Debug|x86
		{E960917A-F32C-469F-91DA-0B75342FA5BC}.Debug|x86.Build.0 = Debug|x86
		{E960917A-F32C-469F-91DA-0B75342FA5BC}.Release|Any CPU.ActiveCfg = Release|Any CPU
		{E960917A-F32C-469F-91DA-0B75342FA5BC}.Release|Any CPU.Build.0 = Release|Any CPU
		{E960917A-F32C-469F-91DA-0B75342FA5BC}.Release|Mixed Platforms.ActiveCfg = Release|x86
		{E960917A-F32C-469F-91DA-0B75342FA5BC}.Release|Mixed Platforms.Build.0 = Release|x86
		{E960917A-F32C-469F-91DA-0B75342FA5BC}.Release|x86.ActiveCfg = Release|x86
		{E960917A-F32C-469F-91DA-0B75342FA5BC}.Release|x86.Build.0 = Release|x86
	EndGlobalSection
	GlobalSection(SolutionProperties) = preSolution
		HideSolutionNode = FALSE
	EndGlobalSection
EndGlobal
