
Microsoft Visual Studio Solution File, Format Version 11.00
# Visual C# Express 2010
Project("{FAE04EC0-301F-11D3-BF4B-00C04F79EFBC}") = "Loyc.Utilities", "Utilities\Loyc.Utilities.csproj", "{94BC16E0-2F14-4747-82F8-CFA22AD558CA}"
	ProjectSection(WebsiteProperties) = preProject
		Debug.AspNetCompiler.Debug = "True"
		Release.AspNetCompiler.Debug = "False"
	EndProjectSection
EndProject
Project("{FAE04EC0-301F-11D3-BF4B-00C04F79EFBC}") = "Loyc.Runtime", "Runtime\Loyc.Runtime.csproj", "{DF642FB7-25EB-424D-8E92-6C046F42D4A9}"
	ProjectSection(WebsiteProperties) = preProject
		Debug.AspNetCompiler.Debug = "True"
		Release.AspNetCompiler.Debug = "False"
	EndProjectSection
EndProject
Project("{FAE04EC0-301F-11D3-BF4B-00C04F79EFBC}") = "Loyc.CompilerCore", "CompilerCore\Loyc.CompilerCore.csproj", "{55EF5FD4-A4EB-46D2-92CA-B3FA317F4C38}"
	ProjectSection(WebsiteProperties) = preProject
		Debug.AspNetCompiler.Debug = "True"
		Release.AspNetCompiler.Debug = "False"
	EndProjectSection
EndProject
Project("{FAE04EC0-301F-11D3-BF4B-00C04F79EFBC}") = "Loyc.BooStyle", "BooStyle\Loyc.BooStyle.csproj", "{9A9EF3F3-4C50-4B17-9964-E368D707F96B}"
	ProjectSection(WebsiteProperties) = preProject
		Debug.AspNetCompiler.Debug = "True"
		Release.AspNetCompiler.Debug = "False"
	EndProjectSection
EndProject
Project("{FAE04EC0-301F-11D3-BF4B-00C04F79EFBC}") = "Tests", "Tests\Tests.csproj", "{CAF59F03-A21D-4F84-A3B5-1A58977AD32F}"
	ProjectSection(WebsiteProperties) = preProject
		Debug.AspNetCompiler.Debug = "True"
		Release.AspNetCompiler.Debug = "False"
	EndProjectSection
EndProject
Project("{FAE04EC0-301F-11D3-BF4B-00C04F79EFBC}") = "Loyc.Compiler", "Compiler\Loyc.Compiler.csproj", "{50E93C65-D028-455C-9B2A-15077B1B6169}"
	ProjectSection(WebsiteProperties) = preProject
		Debug.AspNetCompiler.Debug = "True"
		Release.AspNetCompiler.Debug = "False"
	EndProjectSection
EndProject
Global
	GlobalSection(SolutionConfigurationPlatforms) = preSolution
		Debug|Any CPU = Debug|Any CPU
		Release|Any CPU = Release|Any CPU
	EndGlobalSection
	GlobalSection(ProjectConfigurationPlatforms) = postSolution
		{94BC16E0-2F14-4747-82F8-CFA22AD558CA}.Debug|Any CPU.ActiveCfg = Debug|Any CPU
		{94BC16E0-2F14-4747-82F8-CFA22AD558CA}.Debug|Any CPU.Build.0 = Debug|Any CPU
		{94BC16E0-2F14-4747-82F8-CFA22AD558CA}.Release|Any CPU.ActiveCfg = Release|Any CPU
		{94BC16E0-2F14-4747-82F8-CFA22AD558CA}.Release|Any CPU.Build.0 = Release|Any CPU
		{DF642FB7-25EB-424D-8E92-6C046F42D4A9}.Debug|Any CPU.ActiveCfg = Debug|Any CPU
		{DF642FB7-25EB-424D-8E92-6C046F42D4A9}.Debug|Any CPU.Build.0 = Debug|Any CPU
		{DF642FB7-25EB-424D-8E92-6C046F42D4A9}.Release|Any CPU.ActiveCfg = Release|Any CPU
		{DF642FB7-25EB-424D-8E92-6C046F42D4A9}.Release|Any CPU.Build.0 = Release|Any CPU
		{55EF5FD4-A4EB-46D2-92CA-B3FA317F4C38}.Debug|Any CPU.ActiveCfg = Debug|Any CPU
		{55EF5FD4-A4EB-46D2-92CA-B3FA317F4C38}.Debug|Any CPU.Build.0 = Debug|Any CPU
		{55EF5FD4-A4EB-46D2-92CA-B3FA317F4C38}.Release|Any CPU.ActiveCfg = Release|Any CPU
		{55EF5FD4-A4EB-46D2-92CA-B3FA317F4C38}.Release|Any CPU.Build.0 = Release|Any CPU
		{9A9EF3F3-4C50-4B17-9964-E368D707F96B}.Debug|Any CPU.ActiveCfg = Debug|Any CPU
		{9A9EF3F3-4C50-4B17-9964-E368D707F96B}.Debug|Any CPU.Build.0 = Debug|Any CPU
		{9A9EF3F3-4C50-4B17-9964-E368D707F96B}.Release|Any CPU.ActiveCfg = Release|Any CPU
		{9A9EF3F3-4C50-4B17-9964-E368D707F96B}.Release|Any CPU.Build.0 = Release|Any CPU
		{CAF59F03-A21D-4F84-A3B5-1A58977AD32F}.Debug|Any CPU.ActiveCfg = Debug|Any CPU
		{CAF59F03-A21D-4F84-A3B5-1A58977AD32F}.Debug|Any CPU.Build.0 = Debug|Any CPU
		{CAF59F03-A21D-4F84-A3B5-1A58977AD32F}.Release|Any CPU.ActiveCfg = Release|Any CPU
		{CAF59F03-A21D-4F84-A3B5-1A58977AD32F}.Release|Any CPU.Build.0 = Release|Any CPU
		{50E93C65-D028-455C-9B2A-15077B1B6169}.Debug|Any CPU.ActiveCfg = Debug|Any CPU
		{50E93C65-D028-455C-9B2A-15077B1B6169}.Debug|Any CPU.Build.0 = Debug|Any CPU
		{50E93C65-D028-455C-9B2A-15077B1B6169}.Release|Any CPU.ActiveCfg = Release|Any CPU
		{50E93C65-D028-455C-9B2A-15077B1B6169}.Release|Any CPU.Build.0 = Release|Any CPU
	EndGlobalSection
	GlobalSection(SolutionProperties) = preSolution
		HideSolutionNode = FALSE
	EndGlobalSection
EndGlobal
